{
  "object": {
    "pins": [
      {
        "package": "AEPCore",
        "repositoryURL": "https://github.com/adobe/aepsdk-core-ios.git",
        "state": {
          "branch": null,
          "revision": "3bb6071f258ebc78d1f00188731ec2ced22df9f6",
          "version": "5.2.0"
        }
      },
      {
        "package": "AEPRulesEngine",
        "repositoryURL": "https://github.com/adobe/aepsdk-rulesengine-ios.git",
        "state": {
          "branch": null,
          "revision": "514d2b3787c545bfa6749ffce5dd3e6f560c9319",
          "version": "5.0.0"
        }
      }
    ]
  },
  "version": 1
}
