PODS:
  - AEPAssurance (3.0.1):
    - AEPCore (>= 3.1.0)
    - AEPServices (>= 3.1.0)
  - AEPCore (3.7.1):
    - AEPRulesEngine (>= 1.1.0)
    - AEPServices (>= 3.7.1)
  - AEPIdentity (3.7.1):
    - AEPCore (>= 3.7.1)
  - AEPLifecycle (3.7.1):
    - AEPCore (>= 3.7.1)
  - AEPPlaces (3.0.1):
    - AEPCore
    - AEPServices
  - AEPRulesEngine (1.2.0)
  - AEPServices (3.7.1)
  - AEPSignal (3.7.1):
    - AEPCore (>= 3.7.1)
  - AEPUserProfile (3.0.1):
    - AEPCore
  - SwiftLint (0.44.0)

DEPENDENCIES:
  - AEPAssurance (~> 3.0.0)
  - AEPCore
  - AEPIdentity
  - AEPLifecycle
  - AEPPlaces
  - AEPRulesEngine
  - AEPServices
  - AEPSignal
  - AEPUserProfile
  - SwiftLint (= 0.44.0)

SPEC REPOS:
  trunk:
    - AEPAssurance
    - AEPCore
    - AEPIdentity
    - AEPLifecycle
    - AEPPlaces
    - AEPRulesEngine
    - AEPServices
    - AEPSignal
    - AEPUserProfile
    - SwiftLint

SPEC CHECKSUMS:
  AEPAssurance: b25880cd4b14f22c61a1dce19807bd0ca0fe9b17
  AEPCore: 412fe933382892ab6c6af958d2f69ebcbca11216
  AEPIdentity: 7cd5a51d8012aeaeee769e99597db016ad68b0d1
  AEPLifecycle: 94c36a54f7e5466c5274bc822c53eaa410b74888
  AEPPlaces: 04294020832c78249732c80aec86928114698cbf
  AEPRulesEngine: 71228dfdac24c9ded09be13e3257a7eb22468ccc
  AEPServices: 7284c30359c789cd16bf366b4ea81094a66d21ab
  AEPSignal: c9b3c239120190fae8e8479d584d54b60af37d99
  AEPUserProfile: 2ddb5ba8e2c22dd8f942992306b050f4be2c2403
  SwiftLint: e96c0a8c770c7ebbc4d36c55baf9096bb65c4584

PODFILE CHECKSUM: d9938f098b5f23aae0be2f6d4fe5de457fba8ff3

COCOAPODS: 1.11.3
