PODS:
  - ACPCore (2.9.9):
    - AEPCore
    - AEPIdentity
    - AEPLifecycle
    - AEPRulesEngine
    - AEPServices
    - AEPSignal
  - AEPAssurance (3.0.0):
    - AEPCore (>= 3.1.0)
    - AEPServices (>= 3.1.0)
  - AEPCore (3.3.2):
    - AEPRulesEngine (= 1.0.1)
    - AEPServices (= 3.3.2)
  - AEPIdentity (3.3.2):
    - AEPCore (= 3.3.2)
  - AEPLifecycle (3.3.2):
    - AEPCore (= 3.3.2)
  - AEPPlaces (3.0.1):
    - AEPCore
    - AEPServices
  - AEPRulesEngine (1.0.1)
  - AEPServices (3.3.2)
  - AEPSignal (3.3.2):
    - AEPCore (= 3.3.2)
  - AEPUserProfile (3.0.1):
    - AEPCore
  - SwiftLint (0.44.0)

DEPENDENCIES:
  - "ACPCore (from `git@github.com:adobe/aepsdk-compatibility-ios.git`, branch `main`)"
  - AEPAssurance
  - "AEPCore (from `git@github.com:adobe/aepsdk-core-ios.git`)"
  - "AEPIdentity (from `git@github.com:adobe/aepsdk-core-ios.git`)"
  - "AEPLifecycle (from `git@github.com:adobe/aepsdk-core-ios.git`)"
  - "AEPPlaces (from `git@github.com:adobe/aepsdk-places-ios.git`, branch `main`)"
  - AEPRulesEngine
  - "AEPServices (from `git@github.com:adobe/aepsdk-core-ios.git`)"
  - "AEPSignal (from `git@github.com:adobe/aepsdk-core-ios.git`)"
  - "AEPUserProfile (from `git@github.com:adobe/aepsdk-userprofile-ios.git`, branch `main`)"
  - SwiftLint (= 0.44.0)

SPEC REPOS:
  trunk:
    - AEPAssurance
    - AEPRulesEngine
    - SwiftLint

EXTERNAL SOURCES:
  ACPCore:
    :branch: main
    :git: "git@github.com:adobe/aepsdk-compatibility-ios.git"
  AEPCore:
    :git: "git@github.com:adobe/aepsdk-core-ios.git"
  AEPIdentity:
    :git: "git@github.com:adobe/aepsdk-core-ios.git"
  AEPLifecycle:
    :git: "git@github.com:adobe/aepsdk-core-ios.git"
  AEPPlaces:
    :branch: main
    :git: "git@github.com:adobe/aepsdk-places-ios.git"
  AEPServices:
    :git: "git@github.com:adobe/aepsdk-core-ios.git"
  AEPSignal:
    :git: "git@github.com:adobe/aepsdk-core-ios.git"
  AEPUserProfile:
    :branch: main
    :git: "git@github.com:adobe/aepsdk-userprofile-ios.git"

CHECKOUT OPTIONS:
  ACPCore:
    :commit: 12c5e8681905140f0a09e20e2339fed85f4d9ea8
    :git: "git@github.com:adobe/aepsdk-compatibility-ios.git"
  AEPCore:
    :commit: 3d98cb731cf6e75498a817a87d6a75fd70dae566
    :git: "git@github.com:adobe/aepsdk-core-ios.git"
  AEPIdentity:
    :commit: 3d98cb731cf6e75498a817a87d6a75fd70dae566
    :git: "git@github.com:adobe/aepsdk-core-ios.git"
  AEPLifecycle:
    :commit: 3d98cb731cf6e75498a817a87d6a75fd70dae566
    :git: "git@github.com:adobe/aepsdk-core-ios.git"
  AEPPlaces:
    :commit: 5c74bf879d7de66ef454d57bb3030ce2935402d5
    :git: "git@github.com:adobe/aepsdk-places-ios.git"
  AEPServices:
    :commit: 3d98cb731cf6e75498a817a87d6a75fd70dae566
    :git: "git@github.com:adobe/aepsdk-core-ios.git"
  AEPSignal:
    :commit: 3d98cb731cf6e75498a817a87d6a75fd70dae566
    :git: "git@github.com:adobe/aepsdk-core-ios.git"
  AEPUserProfile:
    :commit: b52d6444aca588bee8aba4a32121ef3a049ba83a
    :git: "git@github.com:adobe/aepsdk-userprofile-ios.git"

SPEC CHECKSUMS:
  ACPCore: 67e4b855bf16cfb6a63024a4ddb73d15c0fd30e5
  AEPAssurance: 18068627111e366a851dc2166239f22b665101bd
  AEPCore: 922aa0eac3fa4f0bc3fbdd3f1b9f7cb7b65e440d
  AEPIdentity: 5f7af2b937713ff82aa0788a6ee0b7e0d8fcd86e
  AEPLifecycle: 8200df6d8f4579d4ee1eb924d6c46247b1fe102b
  AEPPlaces: 04294020832c78249732c80aec86928114698cbf
  AEPRulesEngine: 5075ed294026a12e37bd26fe260f74604d205354
  AEPServices: 7ac2a251b71a422ddaee316eac39f7a66a0d3a90
  AEPSignal: f80b7d568388ac9b6119e8396c5126ff7284dd1a
  AEPUserProfile: 2ddb5ba8e2c22dd8f942992306b050f4be2c2403
  SwiftLint: e96c0a8c770c7ebbc4d36c55baf9096bb65c4584

PODFILE CHECKSUM: 959f56606700fd886d721697cf8a382f7e5cfbfa

COCOAPODS: 1.11.2
