PODS:
  - AEPAssurance (4.0.0):
    - AEPCore (>= 4.0.0)
    - AEPServices (>= 4.0.0)
  - AEPCore (4.0.0):
    - AEPRulesEngine (>= 4.0.0)
    - AEPServices (>= 4.0.0)
  - AEPIdentity (4.0.0):
    - AEPCore (>= 4.0.0)
  - AEPLifecycle (4.0.0):
    - AEPCore (>= 4.0.0)
  - AEPPlaces (3.0.3):
    - AEPCore (>= 3.0.0)
    - AEPServices (>= 3.0.0)
  - AEPRulesEngine (4.0.0)
  - AEPServices (4.0.0)
  - AEPSignal (4.0.0):
    - AEPCore (>= 4.0.0)
  - AEPUserProfile (3.0.1):
    - AEPCore
  - SwiftLint (0.52.0)

DEPENDENCIES:
  - AEPAssurance (~> 4.0.0)
  - AEPCore (~> 4.0.0)
  - AEPIdentity (~> 4.0.0)
  - AEPLifecycle (~> 4.0.0)
  - AEPPlaces
  - AEPRulesEngine (~> 4.0.0)
  - AEPServices (~> 4.0.0)
  - AEPSignal (~> 4.0.0)
  - AEPUserProfile
  - SwiftLint (= 0.52.0)

SPEC REPOS:
  trunk:
    - AEPAssurance
    - AEPCore
    - AEPIdentity
    - AEPLifecycle
    - AEPPlaces
    - AEPRulesEngine
    - AEPServices
    - AEPSignal
    - AEPUserProfile
    - SwiftLint

SPEC CHECKSUMS:
  AEPAssurance: 4fa3138ddd7308c1f9923570f4d2b0b8526a916f
  AEPCore: dd7cd69696c768c610e6adc0307032985a381c7e
  AEPIdentity: 45ee1c3717e08ff3ca60930caf4a869d60d7bf08
  AEPLifecycle: 59be1b5381d8ec4939ece43516ea7d2de4aaba65
  AEPPlaces: 561e22d5ee6570fcb0b721a47aa7cda2c4f00ec0
  AEPRulesEngine: 458450a34922823286ead045a0c2bd8c27e224c6
  AEPServices: ca493988df250d84fda050124ff7549bcc43c65f
  AEPSignal: b2b332adf4d8a9af6a1b57f5dd8c2e1ea6d5c112
  AEPUserProfile: 2ddb5ba8e2c22dd8f942992306b050f4be2c2403
  SwiftLint: 13280e21cdda6786ad908dc6e416afe5acd1fcb7

PODFILE CHECKSUM: d55dec81ad056cc94432b35f4366928163a1aa87

COCOAPODS: 1.11.3
