// !$*UTF8*$!
{
	archiveVersion = 1;
	classes = {
	};
	objectVersion = 51;
	objects = {

/* Begin PBXBuildFile section */
		3D10A4A7261E3A970049BDA1 /* AEPCampaign.swift in Sources */ = {isa = PBXBuildFile; fileRef = 3D10A4A6261E3A970049BDA1 /* AEPCampaign.swift */; };
		3D10A55826204EAC0049BDA1 /* AEPCampaignUnitTests.swift in Sources */ = {isa = PBXBuildFile; fileRef = 3D10A55726204EAC0049BDA1 /* AEPCampaignUnitTests.swift */; };
		3D10A55A26204EAC0049BDA1 /* libAEPCampaign.a in Frameworks */ = {isa = PBXBuildFile; fileRef = 3D10A4A3261E3A970049BDA1 /* libAEPCampaign.a */; };
		3D10A56926204EC20049BDA1 /* AEPCampaignFunctionalTests.swift in Sources */ = {isa = PBXBuildFile; fileRef = 3D10A56826204EC20049BDA1 /* AEPCampaignFunctionalTests.swift */; };
		3D10A56B26204EC20049BDA1 /* libAEPCampaign.a in Frameworks */ = {isa = PBXBuildFile; fileRef = 3D10A4A3261E3A970049BDA1 /* libAEPCampaign.a */; };
		41A1BFE7B89104EC3ECB8F3D /* Pods_AEPCampaign_AEPCampaignUnitTests.framework in Frameworks */ = {isa = PBXBuildFile; fileRef = 9CADE89F479BAE4439175F04 /* Pods_AEPCampaign_AEPCampaignUnitTests.framework */; };
		76EA7F6399078F00718AB98E /* Pods_AEPCampaign.framework in Frameworks */ = {isa = PBXBuildFile; fileRef = AC354DD4FFCC9D20FAC5DC98 /* Pods_AEPCampaign.framework */; };
		793305F230B58DD15F5E9514 /* Pods_AEPCampaign_AEPCampaignFunctionalTests.framework in Frameworks */ = {isa = PBXBuildFile; fileRef = 9B73AD24F62390229B7E6650 /* Pods_AEPCampaign_AEPCampaignFunctionalTests.framework */; };
		D6E822E52624E0B90092C7DE /* CampaignConstants.swift in Sources */ = {isa = PBXBuildFile; fileRef = D6E822E42624E0B90092C7DE /* CampaignConstants.swift */; };
		D6E82397262604350092C7DE /* CampaignStateTests.swift in Sources */ = {isa = PBXBuildFile; fileRef = D6E82396262604350092C7DE /* CampaignStateTests.swift */; };
		D6E8239F262604460092C7DE /* CampaignState.swift in Sources */ = {isa = PBXBuildFile; fileRef = D6E8239E262604460092C7DE /* CampaignState.swift */; };
/* End PBXBuildFile section */

/* Begin PBXContainerItemProxy section */
		3D10A55B26204EAC0049BDA1 /* PBXContainerItemProxy */ = {
			isa = PBXContainerItemProxy;
			containerPortal = 3D10A49B261E3A970049BDA1 /* Project object */;
			proxyType = 1;
			remoteGlobalIDString = 3D10A4A2261E3A970049BDA1;
			remoteInfo = AEPCampaign;
		};
		3D10A56C26204EC20049BDA1 /* PBXContainerItemProxy */ = {
			isa = PBXContainerItemProxy;
			containerPortal = 3D10A49B261E3A970049BDA1 /* Project object */;
			proxyType = 1;
			remoteGlobalIDString = 3D10A4A2261E3A970049BDA1;
			remoteInfo = AEPCampaign;
		};
/* End PBXContainerItemProxy section */

/* Begin PBXCopyFilesBuildPhase section */
		3D10A4A1261E3A970049BDA1 /* CopyFiles */ = {
			isa = PBXCopyFilesBuildPhase;
			buildActionMask = 2147483647;
			dstPath = "include/$(PRODUCT_NAME)";
			dstSubfolderSpec = 16;
			files = (
			);
			runOnlyForDeploymentPostprocessing = 0;
		};
/* End PBXCopyFilesBuildPhase section */

/* Begin PBXFileReference section */
		1CE02194F06E3ABD85E78DE7 /* Pods-AEPCampaign-AEPCampaignFunctionalTests.debug.xcconfig */ = {isa = PBXFileReference; includeInIndex = 1; lastKnownFileType = text.xcconfig; name = "Pods-AEPCampaign-AEPCampaignFunctionalTests.debug.xcconfig"; path = "Target Support Files/Pods-AEPCampaign-AEPCampaignFunctionalTests/Pods-AEPCampaign-AEPCampaignFunctionalTests.debug.xcconfig"; sourceTree = "<group>"; };
		39899DA5FF8DDBEE7ED3F6B3 /* Pods-AEPCampaign-AEPCampaignFunctionalTests.release.xcconfig */ = {isa = PBXFileReference; includeInIndex = 1; lastKnownFileType = text.xcconfig; name = "Pods-AEPCampaign-AEPCampaignFunctionalTests.release.xcconfig"; path = "Target Support Files/Pods-AEPCampaign-AEPCampaignFunctionalTests/Pods-AEPCampaign-AEPCampaignFunctionalTests.release.xcconfig"; sourceTree = "<group>"; };
		3D10A4A3261E3A970049BDA1 /* libAEPCampaign.a */ = {isa = PBXFileReference; explicitFileType = archive.ar; includeInIndex = 0; path = libAEPCampaign.a; sourceTree = BUILT_PRODUCTS_DIR; };
		3D10A4A6261E3A970049BDA1 /* AEPCampaign.swift */ = {isa = PBXFileReference; lastKnownFileType = sourcecode.swift; path = AEPCampaign.swift; sourceTree = "<group>"; };
		3D10A55526204EAC0049BDA1 /* AEPCampaignUnitTests.xctest */ = {isa = PBXFileReference; explicitFileType = wrapper.cfbundle; includeInIndex = 0; path = AEPCampaignUnitTests.xctest; sourceTree = BUILT_PRODUCTS_DIR; };
		3D10A55726204EAC0049BDA1 /* AEPCampaignUnitTests.swift */ = {isa = PBXFileReference; lastKnownFileType = sourcecode.swift; path = AEPCampaignUnitTests.swift; sourceTree = "<group>"; };
		3D10A56626204EC20049BDA1 /* AEPCampaignFunctionalTests.xctest */ = {isa = PBXFileReference; explicitFileType = wrapper.cfbundle; includeInIndex = 0; path = AEPCampaignFunctionalTests.xctest; sourceTree = BUILT_PRODUCTS_DIR; };
		3D10A56826204EC20049BDA1 /* AEPCampaignFunctionalTests.swift */ = {isa = PBXFileReference; lastKnownFileType = sourcecode.swift; path = AEPCampaignFunctionalTests.swift; sourceTree = "<group>"; };
		3D10A56A26204EC20049BDA1 /* Info.plist */ = {isa = PBXFileReference; lastKnownFileType = text.plist.xml; name = Info.plist; path = AEPCampaignFunctionalTests/Info.plist; sourceTree = "<group>"; };
		4A1E02C43F42974BFC84078E /* Pods-AEPCampaign.debug.xcconfig */ = {isa = PBXFileReference; includeInIndex = 1; lastKnownFileType = text.xcconfig; name = "Pods-AEPCampaign.debug.xcconfig"; path = "Target Support Files/Pods-AEPCampaign/Pods-AEPCampaign.debug.xcconfig"; sourceTree = "<group>"; };
		68BDF628B4334CD174826C9C /* Pods-AEPCampaign-AEPCampaignUnitTests.debug.xcconfig */ = {isa = PBXFileReference; includeInIndex = 1; lastKnownFileType = text.xcconfig; name = "Pods-AEPCampaign-AEPCampaignUnitTests.debug.xcconfig"; path = "Target Support Files/Pods-AEPCampaign-AEPCampaignUnitTests/Pods-AEPCampaign-AEPCampaignUnitTests.debug.xcconfig"; sourceTree = "<group>"; };
		6B583ABB096C73966E59D96B /* Pods-AEPCampaign-AEPCampaignUnitTests.release.xcconfig */ = {isa = PBXFileReference; includeInIndex = 1; lastKnownFileType = text.xcconfig; name = "Pods-AEPCampaign-AEPCampaignUnitTests.release.xcconfig"; path = "Target Support Files/Pods-AEPCampaign-AEPCampaignUnitTests/Pods-AEPCampaign-AEPCampaignUnitTests.release.xcconfig"; sourceTree = "<group>"; };
		6CC68861782C97C080E4547A /* Pods-AEPCampaign.release.xcconfig */ = {isa = PBXFileReference; includeInIndex = 1; lastKnownFileType = text.xcconfig; name = "Pods-AEPCampaign.release.xcconfig"; path = "Target Support Files/Pods-AEPCampaign/Pods-AEPCampaign.release.xcconfig"; sourceTree = "<group>"; };
		92326A4632B21BE124ED30F8 /* Pods-AEPCampaign-AEPCampaignTests.release.xcconfig */ = {isa = PBXFileReference; includeInIndex = 1; lastKnownFileType = text.xcconfig; name = "Pods-AEPCampaign-AEPCampaignTests.release.xcconfig"; path = "Target Support Files/Pods-AEPCampaign-AEPCampaignTests/Pods-AEPCampaign-AEPCampaignTests.release.xcconfig"; sourceTree = "<group>"; };
		9A516A177C202E2E7DA4EE33 /* Pods_AEPCampaign_AEPCampaignTests.framework */ = {isa = PBXFileReference; explicitFileType = wrapper.framework; includeInIndex = 0; path = Pods_AEPCampaign_AEPCampaignTests.framework; sourceTree = BUILT_PRODUCTS_DIR; };
		9B73AD24F62390229B7E6650 /* Pods_AEPCampaign_AEPCampaignFunctionalTests.framework */ = {isa = PBXFileReference; explicitFileType = wrapper.framework; includeInIndex = 0; path = Pods_AEPCampaign_AEPCampaignFunctionalTests.framework; sourceTree = BUILT_PRODUCTS_DIR; };
		9CADE89F479BAE4439175F04 /* Pods_AEPCampaign_AEPCampaignUnitTests.framework */ = {isa = PBXFileReference; explicitFileType = wrapper.framework; includeInIndex = 0; path = Pods_AEPCampaign_AEPCampaignUnitTests.framework; sourceTree = BUILT_PRODUCTS_DIR; };
		AC354DD4FFCC9D20FAC5DC98 /* Pods_AEPCampaign.framework */ = {isa = PBXFileReference; explicitFileType = wrapper.framework; includeInIndex = 0; path = Pods_AEPCampaign.framework; sourceTree = BUILT_PRODUCTS_DIR; };
		D6E822E42624E0B90092C7DE /* CampaignConstants.swift */ = {isa = PBXFileReference; lastKnownFileType = sourcecode.swift; path = CampaignConstants.swift; sourceTree = "<group>"; };
		D6E82396262604350092C7DE /* CampaignStateTests.swift */ = {isa = PBXFileReference; fileEncoding = 4; lastKnownFileType = sourcecode.swift; path = CampaignStateTests.swift; sourceTree = "<group>"; };
		D6E8239E262604460092C7DE /* CampaignState.swift */ = {isa = PBXFileReference; fileEncoding = 4; lastKnownFileType = sourcecode.swift; path = CampaignState.swift; sourceTree = "<group>"; };
		F0255252B6B919F5C3862BF0 /* Pods-AEPCampaign-AEPCampaignTests.debug.xcconfig */ = {isa = PBXFileReference; includeInIndex = 1; lastKnownFileType = text.xcconfig; name = "Pods-AEPCampaign-AEPCampaignTests.debug.xcconfig"; path = "Target Support Files/Pods-AEPCampaign-AEPCampaignTests/Pods-AEPCampaign-AEPCampaignTests.debug.xcconfig"; sourceTree = "<group>"; };
/* End PBXFileReference section */

/* Begin PBXFrameworksBuildPhase section */
		3D10A4A0261E3A970049BDA1 /* Frameworks */ = {
			isa = PBXFrameworksBuildPhase;
			buildActionMask = 2147483647;
			files = (
				76EA7F6399078F00718AB98E /* Pods_AEPCampaign.framework in Frameworks */,
			);
			runOnlyForDeploymentPostprocessing = 0;
		};
		3D10A55226204EAC0049BDA1 /* Frameworks */ = {
			isa = PBXFrameworksBuildPhase;
			buildActionMask = 2147483647;
			files = (
				3D10A55A26204EAC0049BDA1 /* libAEPCampaign.a in Frameworks */,
				41A1BFE7B89104EC3ECB8F3D /* Pods_AEPCampaign_AEPCampaignUnitTests.framework in Frameworks */,
			);
			runOnlyForDeploymentPostprocessing = 0;
		};
		3D10A56326204EC20049BDA1 /* Frameworks */ = {
			isa = PBXFrameworksBuildPhase;
			buildActionMask = 2147483647;
			files = (
				3D10A56B26204EC20049BDA1 /* libAEPCampaign.a in Frameworks */,
				793305F230B58DD15F5E9514 /* Pods_AEPCampaign_AEPCampaignFunctionalTests.framework in Frameworks */,
			);
			runOnlyForDeploymentPostprocessing = 0;
		};
/* End PBXFrameworksBuildPhase section */

/* Begin PBXGroup section */
		3D10A49A261E3A970049BDA1 = {
			isa = PBXGroup;
			children = (
				3D10A4A5261E3A970049BDA1 /* AEPCampaign */,
				3D10A4A4261E3A970049BDA1 /* Products */,
				F192CC837E5582A8CFB5E336 /* Pods */,
				DA56D5C3E1A2139A5815AF1C /* Frameworks */,
			);
			sourceTree = "<group>";
			usesTabs = 0;
		};
		3D10A4A4261E3A970049BDA1 /* Products */ = {
			isa = PBXGroup;
			children = (
				3D10A4A3261E3A970049BDA1 /* libAEPCampaign.a */,
				3D10A55526204EAC0049BDA1 /* AEPCampaignUnitTests.xctest */,
				3D10A56626204EC20049BDA1 /* AEPCampaignFunctionalTests.xctest */,
			);
			name = Products;
			sourceTree = "<group>";
		};
		3D10A4A5261E3A970049BDA1 /* AEPCampaign */ = {
			isa = PBXGroup;
			children = (
				3D10A4E4261E528C0049BDA1 /* Mocks */,
				3D10A4B1261E3B040049BDA1 /* Sources */,
				3D10A4AF261E3AE40049BDA1 /* Tests */,
			);
			path = AEPCampaign;
			sourceTree = "<group>";
		};
		3D10A4AF261E3AE40049BDA1 /* Tests */ = {
			isa = PBXGroup;
			children = (
				3D10A55626204EAC0049BDA1 /* AEPCampaignUnitTests */,
				3D10A56726204EC20049BDA1 /* AEPCampaignFunctionalTests */,
				3D10A56A26204EC20049BDA1 /* Info.plist */,
			);
			path = Tests;
			sourceTree = "<group>";
		};
		3D10A4B1261E3B040049BDA1 /* Sources */ = {
			isa = PBXGroup;
			children = (
				3D10A4A6261E3A970049BDA1 /* AEPCampaign.swift */,
				D6E822E42624E0B90092C7DE /* CampaignConstants.swift */,
				D6E8239E262604460092C7DE /* CampaignState.swift */,
			);
			path = Sources;
			sourceTree = "<group>";
		};
		3D10A4E4261E528C0049BDA1 /* Mocks */ = {
			isa = PBXGroup;
			children = (
			);
			path = Mocks;
			sourceTree = "<group>";
		};
		3D10A55626204EAC0049BDA1 /* AEPCampaignUnitTests */ = {
			isa = PBXGroup;
			children = (
				3D10A55726204EAC0049BDA1 /* AEPCampaignUnitTests.swift */,
				D6E82396262604350092C7DE /* CampaignStateTests.swift */,
			);
			path = AEPCampaignUnitTests;
			sourceTree = "<group>";
		};
		3D10A56726204EC20049BDA1 /* AEPCampaignFunctionalTests */ = {
			isa = PBXGroup;
			children = (
				3D10A56826204EC20049BDA1 /* AEPCampaignFunctionalTests.swift */,
			);
			path = AEPCampaignFunctionalTests;
			sourceTree = "<group>";
		};
		DA56D5C3E1A2139A5815AF1C /* Frameworks */ = {
			isa = PBXGroup;
			children = (
				AC354DD4FFCC9D20FAC5DC98 /* Pods_AEPCampaign.framework */,
				9A516A177C202E2E7DA4EE33 /* Pods_AEPCampaign_AEPCampaignTests.framework */,
				9B73AD24F62390229B7E6650 /* Pods_AEPCampaign_AEPCampaignFunctionalTests.framework */,
				9CADE89F479BAE4439175F04 /* Pods_AEPCampaign_AEPCampaignUnitTests.framework */,
			);
			name = Frameworks;
			sourceTree = "<group>";
		};
		F192CC837E5582A8CFB5E336 /* Pods */ = {
			isa = PBXGroup;
			children = (
				4A1E02C43F42974BFC84078E /* Pods-AEPCampaign.debug.xcconfig */,
				6CC68861782C97C080E4547A /* Pods-AEPCampaign.release.xcconfig */,
				F0255252B6B919F5C3862BF0 /* Pods-AEPCampaign-AEPCampaignTests.debug.xcconfig */,
				92326A4632B21BE124ED30F8 /* Pods-AEPCampaign-AEPCampaignTests.release.xcconfig */,
				1CE02194F06E3ABD85E78DE7 /* Pods-AEPCampaign-AEPCampaignFunctionalTests.debug.xcconfig */,
				39899DA5FF8DDBEE7ED3F6B3 /* Pods-AEPCampaign-AEPCampaignFunctionalTests.release.xcconfig */,
				68BDF628B4334CD174826C9C /* Pods-AEPCampaign-AEPCampaignUnitTests.debug.xcconfig */,
				6B583ABB096C73966E59D96B /* Pods-AEPCampaign-AEPCampaignUnitTests.release.xcconfig */,
			);
			path = Pods;
			sourceTree = "<group>";
		};
/* End PBXGroup section */

/* Begin PBXNativeTarget section */
		3D10A4A2261E3A970049BDA1 /* AEPCampaign */ = {
			isa = PBXNativeTarget;
			buildConfigurationList = 3D10A4AA261E3A970049BDA1 /* Build configuration list for PBXNativeTarget "AEPCampaign" */;
			buildPhases = (
				C72259B8E8DA2D0C253BD55A /* [CP] Check Pods Manifest.lock */,
				3D10A49F261E3A970049BDA1 /* Sources */,
				3D10A4A0261E3A970049BDA1 /* Frameworks */,
				3D10A4A1261E3A970049BDA1 /* CopyFiles */,
			);
			buildRules = (
			);
			dependencies = (
			);
			name = AEPCampaign;
			productName = AEPCampaign;
			productReference = 3D10A4A3261E3A970049BDA1 /* libAEPCampaign.a */;
			productType = "com.apple.product-type.library.static";
		};
		3D10A55426204EAC0049BDA1 /* AEPCampaignUnitTests */ = {
			isa = PBXNativeTarget;
			buildConfigurationList = 3D10A55D26204EAC0049BDA1 /* Build configuration list for PBXNativeTarget "AEPCampaignUnitTests" */;
			buildPhases = (
				46029E18892FE34A524F7E1C /* [CP] Check Pods Manifest.lock */,
				3D10A55126204EAC0049BDA1 /* Sources */,
				3D10A55226204EAC0049BDA1 /* Frameworks */,
				3D10A55326204EAC0049BDA1 /* Resources */,
				4D72A5E92CE6B95322E2D459 /* [CP] Embed Pods Frameworks */,
			);
			buildRules = (
			);
			dependencies = (
				3D10A55C26204EAC0049BDA1 /* PBXTargetDependency */,
			);
			name = AEPCampaignUnitTests;
			productName = AEPCampaignUnitTests;
			productReference = 3D10A55526204EAC0049BDA1 /* AEPCampaignUnitTests.xctest */;
			productType = "com.apple.product-type.bundle.unit-test";
		};
		3D10A56526204EC20049BDA1 /* AEPCampaignFunctionalTests */ = {
			isa = PBXNativeTarget;
			buildConfigurationList = 3D10A56E26204EC20049BDA1 /* Build configuration list for PBXNativeTarget "AEPCampaignFunctionalTests" */;
			buildPhases = (
				623C617EC97815E9BE8C758F /* [CP] Check Pods Manifest.lock */,
				3D10A56226204EC20049BDA1 /* Sources */,
				3D10A56326204EC20049BDA1 /* Frameworks */,
				3D10A56426204EC20049BDA1 /* Resources */,
				BC97A7B9464018414C19D6B5 /* [CP] Embed Pods Frameworks */,
			);
			buildRules = (
			);
			dependencies = (
				3D10A56D26204EC20049BDA1 /* PBXTargetDependency */,
			);
			name = AEPCampaignFunctionalTests;
			productName = AEPCampaignFunctionalTests;
			productReference = 3D10A56626204EC20049BDA1 /* AEPCampaignFunctionalTests.xctest */;
			productType = "com.apple.product-type.bundle.unit-test";
		};
/* End PBXNativeTarget section */

/* Begin PBXProject section */
		3D10A49B261E3A970049BDA1 /* Project object */ = {
			isa = PBXProject;
			attributes = {
				LastSwiftUpdateCheck = 1220;
				LastUpgradeCheck = 1220;
				TargetAttributes = {
					3D10A4A2261E3A970049BDA1 = {
						CreatedOnToolsVersion = 12.2;
					};
					3D10A55426204EAC0049BDA1 = {
						CreatedOnToolsVersion = 12.2;
					};
					3D10A56526204EC20049BDA1 = {
						CreatedOnToolsVersion = 12.2;
					};
				};
			};
			buildConfigurationList = 3D10A49E261E3A970049BDA1 /* Build configuration list for PBXProject "AEPCampaign" */;
			compatibilityVersion = "Xcode 9.3";
			developmentRegion = en;
			hasScannedForEncodings = 0;
			knownRegions = (
				en,
				Base,
			);
			mainGroup = 3D10A49A261E3A970049BDA1;
			productRefGroup = 3D10A4A4261E3A970049BDA1 /* Products */;
			projectDirPath = "";
			projectRoot = "";
			targets = (
				3D10A4A2261E3A970049BDA1 /* AEPCampaign */,
				3D10A55426204EAC0049BDA1 /* AEPCampaignUnitTests */,
				3D10A56526204EC20049BDA1 /* AEPCampaignFunctionalTests */,
			);
		};
/* End PBXProject section */

/* Begin PBXResourcesBuildPhase section */
		3D10A55326204EAC0049BDA1 /* Resources */ = {
			isa = PBXResourcesBuildPhase;
			buildActionMask = 2147483647;
			files = (
			);
			runOnlyForDeploymentPostprocessing = 0;
		};
		3D10A56426204EC20049BDA1 /* Resources */ = {
			isa = PBXResourcesBuildPhase;
			buildActionMask = 2147483647;
			files = (
			);
			runOnlyForDeploymentPostprocessing = 0;
		};
/* End PBXResourcesBuildPhase section */

/* Begin PBXShellScriptBuildPhase section */
		46029E18892FE34A524F7E1C /* [CP] Check Pods Manifest.lock */ = {
			isa = PBXShellScriptBuildPhase;
			buildActionMask = 2147483647;
			files = (
			);
			inputFileListPaths = (
			);
			inputPaths = (
				"${PODS_PODFILE_DIR_PATH}/Podfile.lock",
				"${PODS_ROOT}/Manifest.lock",
			);
			name = "[CP] Check Pods Manifest.lock";
			outputFileListPaths = (
			);
			outputPaths = (
				"$(DERIVED_FILE_DIR)/Pods-AEPCampaign-AEPCampaignUnitTests-checkManifestLockResult.txt",
			);
			runOnlyForDeploymentPostprocessing = 0;
			shellPath = /bin/sh;
			shellScript = "diff \"${PODS_PODFILE_DIR_PATH}/Podfile.lock\" \"${PODS_ROOT}/Manifest.lock\" > /dev/null\nif [ $? != 0 ] ; then\n    # print error to STDERR\n    echo \"error: The sandbox is not in sync with the Podfile.lock. Run 'pod install' or update your CocoaPods installation.\" >&2\n    exit 1\nfi\n# This output is used by Xcode 'outputs' to avoid re-running this script phase.\necho \"SUCCESS\" > \"${SCRIPT_OUTPUT_FILE_0}\"\n";
			showEnvVarsInLog = 0;
		};
		4D72A5E92CE6B95322E2D459 /* [CP] Embed Pods Frameworks */ = {
			isa = PBXShellScriptBuildPhase;
			buildActionMask = 2147483647;
			files = (
			);
			inputFileListPaths = (
				"${PODS_ROOT}/Target Support Files/Pods-AEPCampaign-AEPCampaignUnitTests/Pods-AEPCampaign-AEPCampaignUnitTests-frameworks-${CONFIGURATION}-input-files.xcfilelist",
			);
			name = "[CP] Embed Pods Frameworks";
			outputFileListPaths = (
				"${PODS_ROOT}/Target Support Files/Pods-AEPCampaign-AEPCampaignUnitTests/Pods-AEPCampaign-AEPCampaignUnitTests-frameworks-${CONFIGURATION}-output-files.xcfilelist",
			);
			runOnlyForDeploymentPostprocessing = 0;
			shellPath = /bin/sh;
			shellScript = "\"${PODS_ROOT}/Target Support Files/Pods-AEPCampaign-AEPCampaignUnitTests/Pods-AEPCampaign-AEPCampaignUnitTests-frameworks.sh\"\n";
			showEnvVarsInLog = 0;
		};
		623C617EC97815E9BE8C758F /* [CP] Check Pods Manifest.lock */ = {
			isa = PBXShellScriptBuildPhase;
			buildActionMask = 2147483647;
			files = (
			);
			inputFileListPaths = (
			);
			inputPaths = (
				"${PODS_PODFILE_DIR_PATH}/Podfile.lock",
				"${PODS_ROOT}/Manifest.lock",
			);
			name = "[CP] Check Pods Manifest.lock";
			outputFileListPaths = (
			);
			outputPaths = (
				"$(DERIVED_FILE_DIR)/Pods-AEPCampaign-AEPCampaignFunctionalTests-checkManifestLockResult.txt",
			);
			runOnlyForDeploymentPostprocessing = 0;
			shellPath = /bin/sh;
			shellScript = "diff \"${PODS_PODFILE_DIR_PATH}/Podfile.lock\" \"${PODS_ROOT}/Manifest.lock\" > /dev/null\nif [ $? != 0 ] ; then\n    # print error to STDERR\n    echo \"error: The sandbox is not in sync with the Podfile.lock. Run 'pod install' or update your CocoaPods installation.\" >&2\n    exit 1\nfi\n# This output is used by Xcode 'outputs' to avoid re-running this script phase.\necho \"SUCCESS\" > \"${SCRIPT_OUTPUT_FILE_0}\"\n";
			showEnvVarsInLog = 0;
		};
		BC97A7B9464018414C19D6B5 /* [CP] Embed Pods Frameworks */ = {
			isa = PBXShellScriptBuildPhase;
			buildActionMask = 2147483647;
			files = (
			);
			inputFileListPaths = (
				"${PODS_ROOT}/Target Support Files/Pods-AEPCampaign-AEPCampaignFunctionalTests/Pods-AEPCampaign-AEPCampaignFunctionalTests-frameworks-${CONFIGURATION}-input-files.xcfilelist",
			);
			name = "[CP] Embed Pods Frameworks";
			outputFileListPaths = (
				"${PODS_ROOT}/Target Support Files/Pods-AEPCampaign-AEPCampaignFunctionalTests/Pods-AEPCampaign-AEPCampaignFunctionalTests-frameworks-${CONFIGURATION}-output-files.xcfilelist",
			);
			runOnlyForDeploymentPostprocessing = 0;
			shellPath = /bin/sh;
			shellScript = "\"${PODS_ROOT}/Target Support Files/Pods-AEPCampaign-AEPCampaignFunctionalTests/Pods-AEPCampaign-AEPCampaignFunctionalTests-frameworks.sh\"\n";
			showEnvVarsInLog = 0;
		};
		C72259B8E8DA2D0C253BD55A /* [CP] Check Pods Manifest.lock */ = {
			isa = PBXShellScriptBuildPhase;
			buildActionMask = 2147483647;
			files = (
			);
			inputFileListPaths = (
			);
			inputPaths = (
				"${PODS_PODFILE_DIR_PATH}/Podfile.lock",
				"${PODS_ROOT}/Manifest.lock",
			);
			name = "[CP] Check Pods Manifest.lock";
			outputFileListPaths = (
			);
			outputPaths = (
				"$(DERIVED_FILE_DIR)/Pods-AEPCampaign-checkManifestLockResult.txt",
			);
			runOnlyForDeploymentPostprocessing = 0;
			shellPath = /bin/sh;
			shellScript = "diff \"${PODS_PODFILE_DIR_PATH}/Podfile.lock\" \"${PODS_ROOT}/Manifest.lock\" > /dev/null\nif [ $? != 0 ] ; then\n    # print error to STDERR\n    echo \"error: The sandbox is not in sync with the Podfile.lock. Run 'pod install' or update your CocoaPods installation.\" >&2\n    exit 1\nfi\n# This output is used by Xcode 'outputs' to avoid re-running this script phase.\necho \"SUCCESS\" > \"${SCRIPT_OUTPUT_FILE_0}\"\n";
			showEnvVarsInLog = 0;
		};
/* End PBXShellScriptBuildPhase section */

/* Begin PBXSourcesBuildPhase section */
		3D10A49F261E3A970049BDA1 /* Sources */ = {
			isa = PBXSourcesBuildPhase;
			buildActionMask = 2147483647;
			files = (
				D6E822E52624E0B90092C7DE /* CampaignConstants.swift in Sources */,
				D6E8239F262604460092C7DE /* CampaignState.swift in Sources */,
				3D10A4A7261E3A970049BDA1 /* AEPCampaign.swift in Sources */,
			);
			runOnlyForDeploymentPostprocessing = 0;
		};
		3D10A55126204EAC0049BDA1 /* Sources */ = {
			isa = PBXSourcesBuildPhase;
			buildActionMask = 2147483647;
			files = (
				3D10A55826204EAC0049BDA1 /* AEPCampaignUnitTests.swift in Sources */,
				D6E82397262604350092C7DE /* CampaignStateTests.swift in Sources */,
			);
			runOnlyForDeploymentPostprocessing = 0;
		};
		3D10A56226204EC20049BDA1 /* Sources */ = {
			isa = PBXSourcesBuildPhase;
			buildActionMask = 2147483647;
			files = (
				3D10A56926204EC20049BDA1 /* AEPCampaignFunctionalTests.swift in Sources */,
			);
			runOnlyForDeploymentPostprocessing = 0;
		};
/* End PBXSourcesBuildPhase section */

/* Begin PBXTargetDependency section */
		3D10A55C26204EAC0049BDA1 /* PBXTargetDependency */ = {
			isa = PBXTargetDependency;
			target = 3D10A4A2261E3A970049BDA1 /* AEPCampaign */;
			targetProxy = 3D10A55B26204EAC0049BDA1 /* PBXContainerItemProxy */;
		};
		3D10A56D26204EC20049BDA1 /* PBXTargetDependency */ = {
			isa = PBXTargetDependency;
			target = 3D10A4A2261E3A970049BDA1 /* AEPCampaign */;
			targetProxy = 3D10A56C26204EC20049BDA1 /* PBXContainerItemProxy */;
		};
/* End PBXTargetDependency section */

/* Begin XCBuildConfiguration section */
		3D10A4A8261E3A970049BDA1 /* Debug */ = {
			isa = XCBuildConfiguration;
			buildSettings = {
				ALWAYS_SEARCH_USER_PATHS = NO;
				CLANG_ANALYZER_NONNULL = YES;
				CLANG_ANALYZER_NUMBER_OBJECT_CONVERSION = YES_AGGRESSIVE;
				CLANG_CXX_LANGUAGE_STANDARD = "gnu++14";
				CLANG_CXX_LIBRARY = "libc++";
				CLANG_ENABLE_MODULES = YES;
				CLANG_ENABLE_OBJC_ARC = YES;
				CLANG_ENABLE_OBJC_WEAK = YES;
				CLANG_WARN_BLOCK_CAPTURE_AUTORELEASING = YES;
				CLANG_WARN_BOOL_CONVERSION = YES;
				CLANG_WARN_COMMA = YES;
				CLANG_WARN_CONSTANT_CONVERSION = YES;
				CLANG_WARN_DEPRECATED_OBJC_IMPLEMENTATIONS = YES;
				CLANG_WARN_DIRECT_OBJC_ISA_USAGE = YES_ERROR;
				CLANG_WARN_DOCUMENTATION_COMMENTS = YES;
				CLANG_WARN_EMPTY_BODY = YES;
				CLANG_WARN_ENUM_CONVERSION = YES;
				CLANG_WARN_INFINITE_RECURSION = YES;
				CLANG_WARN_INT_CONVERSION = YES;
				CLANG_WARN_NON_LITERAL_NULL_CONVERSION = YES;
				CLANG_WARN_OBJC_IMPLICIT_RETAIN_SELF = YES;
				CLANG_WARN_OBJC_LITERAL_CONVERSION = YES;
				CLANG_WARN_OBJC_ROOT_CLASS = YES_ERROR;
				CLANG_WARN_QUOTED_INCLUDE_IN_FRAMEWORK_HEADER = YES;
				CLANG_WARN_RANGE_LOOP_ANALYSIS = YES;
				CLANG_WARN_STRICT_PROTOTYPES = YES;
				CLANG_WARN_SUSPICIOUS_MOVE = YES;
				CLANG_WARN_UNGUARDED_AVAILABILITY = YES_AGGRESSIVE;
				CLANG_WARN_UNREACHABLE_CODE = YES;
				CLANG_WARN__DUPLICATE_METHOD_MATCH = YES;
				COPY_PHASE_STRIP = NO;
				DEBUG_INFORMATION_FORMAT = dwarf;
				ENABLE_STRICT_OBJC_MSGSEND = YES;
				ENABLE_TESTABILITY = YES;
				GCC_C_LANGUAGE_STANDARD = gnu11;
				GCC_DYNAMIC_NO_PIC = NO;
				GCC_NO_COMMON_BLOCKS = YES;
				GCC_OPTIMIZATION_LEVEL = 0;
				GCC_PREPROCESSOR_DEFINITIONS = (
					"DEBUG=1",
					"$(inherited)",
				);
				GCC_WARN_64_TO_32_BIT_CONVERSION = YES;
				GCC_WARN_ABOUT_RETURN_TYPE = YES_ERROR;
				GCC_WARN_UNDECLARED_SELECTOR = YES;
				GCC_WARN_UNINITIALIZED_AUTOS = YES_AGGRESSIVE;
				GCC_WARN_UNUSED_FUNCTION = YES;
				GCC_WARN_UNUSED_VARIABLE = YES;
				IPHONEOS_DEPLOYMENT_TARGET = 14.2;
				MTL_ENABLE_DEBUG_INFO = INCLUDE_SOURCE;
				MTL_FAST_MATH = YES;
				ONLY_ACTIVE_ARCH = YES;
				SDKROOT = iphoneos;
				SWIFT_ACTIVE_COMPILATION_CONDITIONS = DEBUG;
				SWIFT_OPTIMIZATION_LEVEL = "-Onone";
			};
			name = Debug;
		};
		3D10A4A9261E3A970049BDA1 /* Release */ = {
			isa = XCBuildConfiguration;
			buildSettings = {
				ALWAYS_SEARCH_USER_PATHS = NO;
				CLANG_ANALYZER_NONNULL = YES;
				CLANG_ANALYZER_NUMBER_OBJECT_CONVERSION = YES_AGGRESSIVE;
				CLANG_CXX_LANGUAGE_STANDARD = "gnu++14";
				CLANG_CXX_LIBRARY = "libc++";
				CLANG_ENABLE_MODULES = YES;
				CLANG_ENABLE_OBJC_ARC = YES;
				CLANG_ENABLE_OBJC_WEAK = YES;
				CLANG_WARN_BLOCK_CAPTURE_AUTORELEASING = YES;
				CLANG_WARN_BOOL_CONVERSION = YES;
				CLANG_WARN_COMMA = YES;
				CLANG_WARN_CONSTANT_CONVERSION = YES;
				CLANG_WARN_DEPRECATED_OBJC_IMPLEMENTATIONS = YES;
				CLANG_WARN_DIRECT_OBJC_ISA_USAGE = YES_ERROR;
				CLANG_WARN_DOCUMENTATION_COMMENTS = YES;
				CLANG_WARN_EMPTY_BODY = YES;
				CLANG_WARN_ENUM_CONVERSION = YES;
				CLANG_WARN_INFINITE_RECURSION = YES;
				CLANG_WARN_INT_CONVERSION = YES;
				CLANG_WARN_NON_LITERAL_NULL_CONVERSION = YES;
				CLANG_WARN_OBJC_IMPLICIT_RETAIN_SELF = YES;
				CLANG_WARN_OBJC_LITERAL_CONVERSION = YES;
				CLANG_WARN_OBJC_ROOT_CLASS = YES_ERROR;
				CLANG_WARN_QUOTED_INCLUDE_IN_FRAMEWORK_HEADER = YES;
				CLANG_WARN_RANGE_LOOP_ANALYSIS = YES;
				CLANG_WARN_STRICT_PROTOTYPES = YES;
				CLANG_WARN_SUSPICIOUS_MOVE = YES;
				CLANG_WARN_UNGUARDED_AVAILABILITY = YES_AGGRESSIVE;
				CLANG_WARN_UNREACHABLE_CODE = YES;
				CLANG_WARN__DUPLICATE_METHOD_MATCH = YES;
				COPY_PHASE_STRIP = NO;
				DEBUG_INFORMATION_FORMAT = "dwarf-with-dsym";
				ENABLE_NS_ASSERTIONS = NO;
				ENABLE_STRICT_OBJC_MSGSEND = YES;
				GCC_C_LANGUAGE_STANDARD = gnu11;
				GCC_NO_COMMON_BLOCKS = YES;
				GCC_WARN_64_TO_32_BIT_CONVERSION = YES;
				GCC_WARN_ABOUT_RETURN_TYPE = YES_ERROR;
				GCC_WARN_UNDECLARED_SELECTOR = YES;
				GCC_WARN_UNINITIALIZED_AUTOS = YES_AGGRESSIVE;
				GCC_WARN_UNUSED_FUNCTION = YES;
				GCC_WARN_UNUSED_VARIABLE = YES;
				IPHONEOS_DEPLOYMENT_TARGET = 14.2;
				MTL_ENABLE_DEBUG_INFO = NO;
				MTL_FAST_MATH = YES;
				SDKROOT = iphoneos;
				SWIFT_COMPILATION_MODE = wholemodule;
				SWIFT_OPTIMIZATION_LEVEL = "-O";
				VALIDATE_PRODUCT = YES;
			};
			name = Release;
		};
		3D10A4AB261E3A970049BDA1 /* Debug */ = {
			isa = XCBuildConfiguration;
			baseConfigurationReference = 4A1E02C43F42974BFC84078E /* Pods-AEPCampaign.debug.xcconfig */;
			buildSettings = {
				CODE_SIGN_STYLE = Automatic;
				DEVELOPMENT_TEAM = FKGEE875K4;
				OTHER_LDFLAGS = "-ObjC";
				PRODUCT_NAME = "$(TARGET_NAME)";
				SKIP_INSTALL = YES;
				SWIFT_VERSION = 5.0;
				TARGETED_DEVICE_FAMILY = "1,2";
			};
			name = Debug;
		};
		3D10A4AC261E3A970049BDA1 /* Release */ = {
			isa = XCBuildConfiguration;
			baseConfigurationReference = 6CC68861782C97C080E4547A /* Pods-AEPCampaign.release.xcconfig */;
			buildSettings = {
				CODE_SIGN_STYLE = Automatic;
				DEVELOPMENT_TEAM = FKGEE875K4;
				OTHER_LDFLAGS = "-ObjC";
				PRODUCT_NAME = "$(TARGET_NAME)";
				SKIP_INSTALL = YES;
				SWIFT_VERSION = 5.0;
				TARGETED_DEVICE_FAMILY = "1,2";
			};
			name = Release;
		};
		3D10A55E26204EAC0049BDA1 /* Debug */ = {
			isa = XCBuildConfiguration;
			baseConfigurationReference = 68BDF628B4334CD174826C9C /* Pods-AEPCampaign-AEPCampaignUnitTests.debug.xcconfig */;
			buildSettings = {
				CODE_SIGN_STYLE = Automatic;
				DEVELOPMENT_TEAM = FKGEE875K4;
				INFOPLIST_FILE = AEPCampaign/Tests/Info.plist;
				LD_RUNPATH_SEARCH_PATHS = (
					"$(inherited)",
					"@executable_path/Frameworks",
					"@loader_path/Frameworks",
				);
				PRODUCT_BUNDLE_IDENTIFIER = com.adobe.mobile.AEPCampaignUnitTests;
				PRODUCT_NAME = "$(TARGET_NAME)";
				SWIFT_VERSION = 5.0;
				TARGETED_DEVICE_FAMILY = "1,2";
			};
			name = Debug;
		};
		3D10A55F26204EAC0049BDA1 /* Release */ = {
			isa = XCBuildConfiguration;
			baseConfigurationReference = 6B583ABB096C73966E59D96B /* Pods-AEPCampaign-AEPCampaignUnitTests.release.xcconfig */;
			buildSettings = {
				CODE_SIGN_STYLE = Automatic;
				DEVELOPMENT_TEAM = FKGEE875K4;
				INFOPLIST_FILE = AEPCampaign/Tests/Info.plist;
				LD_RUNPATH_SEARCH_PATHS = (
					"$(inherited)",
					"@executable_path/Frameworks",
					"@loader_path/Frameworks",
				);
				PRODUCT_BUNDLE_IDENTIFIER = com.adobe.mobile.AEPCampaignUnitTests;
				PRODUCT_NAME = "$(TARGET_NAME)";
				SWIFT_VERSION = 5.0;
				TARGETED_DEVICE_FAMILY = "1,2";
			};
			name = Release;
		};
		3D10A56F26204EC20049BDA1 /* Debug */ = {
			isa = XCBuildConfiguration;
			baseConfigurationReference = 1CE02194F06E3ABD85E78DE7 /* Pods-AEPCampaign-AEPCampaignFunctionalTests.debug.xcconfig */;
			buildSettings = {
				CODE_SIGN_STYLE = Automatic;
				DEVELOPMENT_TEAM = FKGEE875K4;
				INFOPLIST_FILE = AEPCampaign/Tests/Info.plist;
				LD_RUNPATH_SEARCH_PATHS = (
					"$(inherited)",
					"@executable_path/Frameworks",
					"@loader_path/Frameworks",
				);
				PRODUCT_BUNDLE_IDENTIFIER = com.adobe.mobile.AEPCampaignFunctionalTests;
				PRODUCT_NAME = "$(TARGET_NAME)";
				SWIFT_VERSION = 5.0;
				TARGETED_DEVICE_FAMILY = "1,2";
			};
			name = Debug;
		};
		3D10A57026204EC20049BDA1 /* Release */ = {
			isa = XCBuildConfiguration;
			baseConfigurationReference = 39899DA5FF8DDBEE7ED3F6B3 /* Pods-AEPCampaign-AEPCampaignFunctionalTests.release.xcconfig */;
			buildSettings = {
				CODE_SIGN_STYLE = Automatic;
				DEVELOPMENT_TEAM = FKGEE875K4;
				INFOPLIST_FILE = AEPCampaign/Tests/Info.plist;
				LD_RUNPATH_SEARCH_PATHS = (
					"$(inherited)",
					"@executable_path/Frameworks",
					"@loader_path/Frameworks",
				);
				PRODUCT_BUNDLE_IDENTIFIER = com.adobe.mobile.AEPCampaignFunctionalTests;
				PRODUCT_NAME = "$(TARGET_NAME)";
				SWIFT_VERSION = 5.0;
				TARGETED_DEVICE_FAMILY = "1,2";
			};
			name = Release;
		};
/* End XCBuildConfiguration section */

/* Begin XCConfigurationList section */
		3D10A49E261E3A970049BDA1 /* Build configuration list for PBXProject "AEPCampaign" */ = {
			isa = XCConfigurationList;
			buildConfigurations = (
				3D10A4A8261E3A970049BDA1 /* Debug */,
				3D10A4A9261E3A970049BDA1 /* Release */,
			);
			defaultConfigurationIsVisible = 0;
			defaultConfigurationName = Release;
		};
		3D10A4AA261E3A970049BDA1 /* Build configuration list for PBXNativeTarget "AEPCampaign" */ = {
			isa = XCConfigurationList;
			buildConfigurations = (
				3D10A4AB261E3A970049BDA1 /* Debug */,
				3D10A4AC261E3A970049BDA1 /* Release */,
			);
			defaultConfigurationIsVisible = 0;
			defaultConfigurationName = Release;
		};
		3D10A55D26204EAC0049BDA1 /* Build configuration list for PBXNativeTarget "AEPCampaignUnitTests" */ = {
			isa = XCConfigurationList;
			buildConfigurations = (
				3D10A55E26204EAC0049BDA1 /* Debug */,
				3D10A55F26204EAC0049BDA1 /* Release */,
			);
			defaultConfigurationIsVisible = 0;
			defaultConfigurationName = Release;
		};
		3D10A56E26204EC20049BDA1 /* Build configuration list for PBXNativeTarget "AEPCampaignFunctionalTests" */ = {
			isa = XCConfigurationList;
			buildConfigurations = (
				3D10A56F26204EC20049BDA1 /* Debug */,
				3D10A57026204EC20049BDA1 /* Release */,
			);
			defaultConfigurationIsVisible = 0;
			defaultConfigurationName = Release;
		};
/* End XCConfigurationList section */
	};
	rootObject = 3D10A49B261E3A970049BDA1 /* Project object */;
}
