// !$*UTF8*$!
{
	archiveVersion = 1;
	classes = {
	};
	objectVersion = 51;
	objects = {

/* Begin PBXBuildFile section */
		000714A4FBBF26B9FD3E2A38 /* Pods_AEPCampaignUnitTests.framework in Frameworks */ = {isa = PBXBuildFile; fileRef = 0E80751EC15A0C57E1ED32B1 /* Pods_AEPCampaignUnitTests.framework */; };
		3D10A606262581650049BDA1 /* AEPCampaign.h in Headers */ = {isa = PBXBuildFile; fileRef = 3D10A5F8262581650049BDA1 /* AEPCampaign.h */; settings = {ATTRIBUTES = (Public, ); }; };
		3D10A6292625826D0049BDA1 /* AEPCampaign.framework in Frameworks */ = {isa = PBXBuildFile; fileRef = 3D10A5F5262581650049BDA1 /* AEPCampaign.framework */; };
		3D10A63F262582A60049BDA1 /* AEPCampaign.framework in Frameworks */ = {isa = PBXBuildFile; fileRef = 3D10A5F5262581650049BDA1 /* AEPCampaign.framework */; };
		3D10A653262583C70049BDA1 /* Campaign.swift in Sources */ = {isa = PBXBuildFile; fileRef = 3D10A652262583C70049BDA1 /* Campaign.swift */; };
		3D10A6582625841C0049BDA1 /* CampaignConstants.swift in Sources */ = {isa = PBXBuildFile; fileRef = 3D10A6572625841C0049BDA1 /* CampaignConstants.swift */; };
		3D10A65D2625847B0049BDA1 /* Campaign+PublicAPI.swift in Sources */ = {isa = PBXBuildFile; fileRef = 3D10A65C2625847B0049BDA1 /* Campaign+PublicAPI.swift */; };
		3D10A67C26260FCC0049BDA1 /* Pods_AEPCampaign.framework in Frameworks */ = {isa = PBXBuildFile; fileRef = 553E4A339944C71CD61160B8 /* Pods_AEPCampaign.framework */; };
		3D46568B262A1DBE00BFC421 /* MessageInteractionTracker.swift in Sources */ = {isa = PBXBuildFile; fileRef = 3D46568A262A1DBE00BFC421 /* MessageInteractionTracker.swift */; };
		3D465693262F4C9800BFC421 /* TestableExtensionRuntime.swift in Sources */ = {isa = PBXBuildFile; fileRef = 3D465692262F4C9800BFC421 /* TestableExtensionRuntime.swift */; };
		3D4656A9262F510D00BFC421 /* CampaignTests.swift in Sources */ = {isa = PBXBuildFile; fileRef = 3D4656A8262F510D00BFC421 /* CampaignTests.swift */; };
		62FD4F96F29454684E169BA6 /* Pods_CampaignTester.framework in Frameworks */ = {isa = PBXBuildFile; fileRef = A3DF14172497EF8FE5FD0CEE /* Pods_CampaignTester.framework */; };
		9961B5CB48F7BE9C393DBB0B /* Pods_AEPCampaignFunctionalTests.framework in Frameworks */ = {isa = PBXBuildFile; fileRef = 815CCC4E98E8776AE2491F3B /* Pods_AEPCampaignFunctionalTests.framework */; };
		D6577DE52628DA8D008F0528 /* MockDataQueueService.swift in Sources */ = {isa = PBXBuildFile; fileRef = D6577DE42628DA8D008F0528 /* MockDataQueueService.swift */; };
		D6577DE62628DA8D008F0528 /* MockDataQueueService.swift in Sources */ = {isa = PBXBuildFile; fileRef = D6577DE42628DA8D008F0528 /* MockDataQueueService.swift */; };
		D6577DEE2628DAC7008F0528 /* MockDataQueuing.swift in Sources */ = {isa = PBXBuildFile; fileRef = D6577DED2628DAC7008F0528 /* MockDataQueuing.swift */; };
		D6577DEF2628DAC7008F0528 /* MockDataQueuing.swift in Sources */ = {isa = PBXBuildFile; fileRef = D6577DED2628DAC7008F0528 /* MockDataQueuing.swift */; };
		D6577DFA2628F48A008F0528 /* URL+Campaign.swift in Sources */ = {isa = PBXBuildFile; fileRef = D6577DF92628F48A008F0528 /* URL+Campaign.swift */; };
		D6577E1A262DFFA9008F0528 /* HitQueuing+Campaign.swift in Sources */ = {isa = PBXBuildFile; fileRef = D6577E19262DFFA9008F0528 /* HitQueuing+Campaign.swift */; };
		D6577E2E262F44EC008F0528 /* CampaignHitProcessorTests.swift in Sources */ = {isa = PBXBuildFile; fileRef = D6577E2D262F44EB008F0528 /* CampaignHitProcessorTests.swift */; };
		D6577E33262F6E12008F0528 /* MockNetworking.swift in Sources */ = {isa = PBXBuildFile; fileRef = D6577E32262F6E12008F0528 /* MockNetworking.swift */; };
		D6577E34262F6E12008F0528 /* MockNetworking.swift in Sources */ = {isa = PBXBuildFile; fileRef = D6577E32262F6E12008F0528 /* MockNetworking.swift */; };
		D6B2F0102634B3F000747CFE /* MockExtension.swift in Sources */ = {isa = PBXBuildFile; fileRef = D6B2F00F2634B3F000747CFE /* MockExtension.swift */; };
		D6B2F0112634B3F000747CFE /* MockExtension.swift in Sources */ = {isa = PBXBuildFile; fileRef = D6B2F00F2634B3F000747CFE /* MockExtension.swift */; };
		D6B2F0162634B46200747CFE /* TestHelper.swift in Sources */ = {isa = PBXBuildFile; fileRef = D6B2F0152634B46200747CFE /* TestHelper.swift */; };
		D6B2F0172634B46200747CFE /* TestHelper.swift in Sources */ = {isa = PBXBuildFile; fileRef = D6B2F0152634B46200747CFE /* TestHelper.swift */; };
		D6B2F0292637445D00747CFE /* CampaignRuleConsequence.swift in Sources */ = {isa = PBXBuildFile; fileRef = D6B2F0282637445D00747CFE /* CampaignRuleConsequence.swift */; };
		D6B2F02E2637786D00747CFE /* LocalNotificationMessage.swift in Sources */ = {isa = PBXBuildFile; fileRef = D6B2F02D2637786D00747CFE /* LocalNotificationMessage.swift */; };
		D6B2F04E26386EB100747CFE /* CampaignMessaging.swift in Sources */ = {isa = PBXBuildFile; fileRef = D6B2F04D26386EB100747CFE /* CampaignMessaging.swift */; };
		D6B405AC263B801B002814FC /* MessageTests.swift in Sources */ = {isa = PBXBuildFile; fileRef = D6B405AB263B801B002814FC /* MessageTests.swift */; };
		D6B405C3263C58F7002814FC /* TestMessage.swift in Sources */ = {isa = PBXBuildFile; fileRef = D6B405C2263C58F7002814FC /* TestMessage.swift */; };
		D6B405C9263C6057002814FC /* MockUrlService.swift in Sources */ = {isa = PBXBuildFile; fileRef = D6B405C8263C6057002814FC /* MockUrlService.swift */; };
		D6B405CA263C6057002814FC /* MockUrlService.swift in Sources */ = {isa = PBXBuildFile; fileRef = D6B405C8263C6057002814FC /* MockUrlService.swift */; };
		D6B405CF263C605A002814FC /* TestMessage.swift in Sources */ = {isa = PBXBuildFile; fileRef = D6B405C2263C58F7002814FC /* TestMessage.swift */; };
		D6B40604263C99EE002814FC /* AppDelegate.swift in Sources */ = {isa = PBXBuildFile; fileRef = D6B40603263C99EE002814FC /* AppDelegate.swift */; };
		D6B40606263C99EE002814FC /* SceneDelegate.swift in Sources */ = {isa = PBXBuildFile; fileRef = D6B40605263C99EE002814FC /* SceneDelegate.swift */; };
		D6B40608263C99EE002814FC /* ContentView.swift in Sources */ = {isa = PBXBuildFile; fileRef = D6B40607263C99EE002814FC /* ContentView.swift */; };
		D6B4060A263C99EF002814FC /* Assets.xcassets in Resources */ = {isa = PBXBuildFile; fileRef = D6B40609263C99EF002814FC /* Assets.xcassets */; };
		D6B4060D263C99EF002814FC /* Preview Assets.xcassets in Resources */ = {isa = PBXBuildFile; fileRef = D6B4060C263C99EF002814FC /* Preview Assets.xcassets */; };
		D6B40610263C99F0002814FC /* LaunchScreen.storyboard in Resources */ = {isa = PBXBuildFile; fileRef = D6B4060E263C99EF002814FC /* LaunchScreen.storyboard */; };
		D6B4068C26420269002814FC /* CampaignFullscreenMessage.swift in Sources */ = {isa = PBXBuildFile; fileRef = D6B4068B26420269002814FC /* CampaignFullscreenMessage.swift */; };
		D6B4069326424F32002814FC /* CampaignFullscreenMessageDelegate.swift in Sources */ = {isa = PBXBuildFile; fileRef = D6B4069226424F32002814FC /* CampaignFullscreenMessageDelegate.swift */; };
		D6B406BD264316A7002814FC /* MessageAssetsDownloader.swift in Sources */ = {isa = PBXBuildFile; fileRef = D6B406BC264316A7002814FC /* MessageAssetsDownloader.swift */; };
		D6B406CF2643579E002814FC /* WebKit.framework in Frameworks */ = {isa = PBXBuildFile; fileRef = D6B406C3264347C3002814FC /* WebKit.framework */; };
		D6B407102643921E002814FC /* AEPCampaign.framework in Frameworks */ = {isa = PBXBuildFile; fileRef = 3D10A5F5262581650049BDA1 /* AEPCampaign.framework */; };
		D6B407112643921E002814FC /* AEPCampaign.framework in Embed Frameworks */ = {isa = PBXBuildFile; fileRef = 3D10A5F5262581650049BDA1 /* AEPCampaign.framework */; settings = {ATTRIBUTES = (CodeSignOnCopy, RemoveHeadersOnCopy, ); }; };
		D6B407302643A8F1002814FC /* NotificationCenter.framework in Frameworks */ = {isa = PBXBuildFile; fileRef = D6E978A72639D1F2003F3372 /* NotificationCenter.framework */; };
		D6B407312643A8F1002814FC /* UserNotifications.framework in Frameworks */ = {isa = PBXBuildFile; fileRef = D6E978A82639D1F2003F3372 /* UserNotifications.framework */; };
		D6E823B9262616E90092C7DE /* CampaignState.swift in Sources */ = {isa = PBXBuildFile; fileRef = D6E823B8262616E90092C7DE /* CampaignState.swift */; };
		D6E823BB262616F90092C7DE /* CampaignStateTests.swift in Sources */ = {isa = PBXBuildFile; fileRef = D6E823BA262616F80092C7DE /* CampaignStateTests.swift */; };
		D6E823DD262761130092C7DE /* CampaignHitProcessor.swift in Sources */ = {isa = PBXBuildFile; fileRef = D6E823DC262761130092C7DE /* CampaignHitProcessor.swift */; };
		D6E823E22627617F0092C7DE /* CampaignHit.swift in Sources */ = {isa = PBXBuildFile; fileRef = D6E823E12627617F0092C7DE /* CampaignHit.swift */; };
		D6E824282628A6710092C7DE /* CampaignHitQueuingTests.swift in Sources */ = {isa = PBXBuildFile; fileRef = D6E824272628A6700092C7DE /* CampaignHitQueuingTests.swift */; };
		D6E8243B2628A9830092C7DE /* MockHitProcessor.swift in Sources */ = {isa = PBXBuildFile; fileRef = D6E8243A2628A9830092C7DE /* MockHitProcessor.swift */; };
		D6E8243C2628A9830092C7DE /* MockHitProcessor.swift in Sources */ = {isa = PBXBuildFile; fileRef = D6E8243A2628A9830092C7DE /* MockHitProcessor.swift */; };
		D6E978802639D197003F3372 /* AppDelegate.swift in Sources */ = {isa = PBXBuildFile; fileRef = D6E9787F2639D197003F3372 /* AppDelegate.swift */; };
		D6E978822639D197003F3372 /* SceneDelegate.swift in Sources */ = {isa = PBXBuildFile; fileRef = D6E978812639D197003F3372 /* SceneDelegate.swift */; };
		D6E978842639D197003F3372 /* CampaignView.swift in Sources */ = {isa = PBXBuildFile; fileRef = D6E978832639D197003F3372 /* CampaignView.swift */; };
		D6E978892639D199003F3372 /* Preview Assets.xcassets in Resources */ = {isa = PBXBuildFile; fileRef = D6E978882639D199003F3372 /* Preview Assets.xcassets */; };
		D6E9788C2639D199003F3372 /* LaunchScreen.storyboard in Resources */ = {isa = PBXBuildFile; fileRef = D6E9788A2639D199003F3372 /* LaunchScreen.storyboard */; };
		D6E979022639DFE6003F3372 /* Assets.xcassets in Resources */ = {isa = PBXBuildFile; fileRef = D6E979012639DFE6003F3372 /* Assets.xcassets */; };
		D6E97925263B34FE003F3372 /* LocalNotificationMessageTests.swift in Sources */ = {isa = PBXBuildFile; fileRef = D6E97924263B34FE003F3372 /* LocalNotificationMessageTests.swift */; };
		D6E9792F263B4775003F3372 /* Event+Campaign.swift in Sources */ = {isa = PBXBuildFile; fileRef = D6E9792E263B4775003F3372 /* Event+Campaign.swift */; };
/* End PBXBuildFile section */

/* Begin PBXContainerItemProxy section */
		3D10A62A2625826D0049BDA1 /* PBXContainerItemProxy */ = {
			isa = PBXContainerItemProxy;
			containerPortal = 3D10A5EC262581650049BDA1 /* Project object */;
			proxyType = 1;
			remoteGlobalIDString = 3D10A5F4262581650049BDA1;
			remoteInfo = AEPCampaign;
		};
		3D10A640262582A60049BDA1 /* PBXContainerItemProxy */ = {
			isa = PBXContainerItemProxy;
			containerPortal = 3D10A5EC262581650049BDA1 /* Project object */;
			proxyType = 1;
			remoteGlobalIDString = 3D10A5F4262581650049BDA1;
			remoteInfo = AEPCampaign;
		};
		D6B405F7263C99AA002814FC /* PBXContainerItemProxy */ = {
			isa = PBXContainerItemProxy;
			containerPortal = 3D10A5EC262581650049BDA1 /* Project object */;
			proxyType = 1;
			remoteGlobalIDString = D6E9787C2639D197003F3372;
			remoteInfo = CampaignTester;
		};
		D6B4061A263C9A2E002814FC /* PBXContainerItemProxy */ = {
			isa = PBXContainerItemProxy;
			containerPortal = 3D10A5EC262581650049BDA1 /* Project object */;
			proxyType = 1;
			remoteGlobalIDString = D6B40600263C99EE002814FC;
			remoteInfo = UnitTestApp;
		};
		D6E978A42639D1E2003F3372 /* PBXContainerItemProxy */ = {
			isa = PBXContainerItemProxy;
			containerPortal = 3D10A5EC262581650049BDA1 /* Project object */;
			proxyType = 1;
			remoteGlobalIDString = 3D10A5F4262581650049BDA1;
			remoteInfo = AEPCampaign;
		};
/* End PBXContainerItemProxy section */

/* Begin PBXCopyFilesBuildPhase section */
		D6B407122643921E002814FC /* Embed Frameworks */ = {
			isa = PBXCopyFilesBuildPhase;
			buildActionMask = 2147483647;
			dstPath = "";
			dstSubfolderSpec = 10;
			files = (
				D6B407112643921E002814FC /* AEPCampaign.framework in Embed Frameworks */,
			);
			name = "Embed Frameworks";
			runOnlyForDeploymentPostprocessing = 0;
		};
/* End PBXCopyFilesBuildPhase section */

/* Begin PBXFileReference section */
		0658E66756CCA4CD9BC43EEA /* Pods-AEPCampaignUnitTests.debug.xcconfig */ = {isa = PBXFileReference; includeInIndex = 1; lastKnownFileType = text.xcconfig; name = "Pods-AEPCampaignUnitTests.debug.xcconfig"; path = "Target Support Files/Pods-AEPCampaignUnitTests/Pods-AEPCampaignUnitTests.debug.xcconfig"; sourceTree = "<group>"; };
		0E80751EC15A0C57E1ED32B1 /* Pods_AEPCampaignUnitTests.framework */ = {isa = PBXFileReference; explicitFileType = wrapper.framework; includeInIndex = 0; path = Pods_AEPCampaignUnitTests.framework; sourceTree = BUILT_PRODUCTS_DIR; };
		150C854BF5853ED961FE86F8 /* Pods-AEPCampaign.debug.xcconfig */ = {isa = PBXFileReference; includeInIndex = 1; lastKnownFileType = text.xcconfig; name = "Pods-AEPCampaign.debug.xcconfig"; path = "Target Support Files/Pods-AEPCampaign/Pods-AEPCampaign.debug.xcconfig"; sourceTree = "<group>"; };
		15428E88B323601D278C41FE /* Pods-CampaignTester.release.xcconfig */ = {isa = PBXFileReference; includeInIndex = 1; lastKnownFileType = text.xcconfig; name = "Pods-CampaignTester.release.xcconfig"; path = "Target Support Files/Pods-CampaignTester/Pods-CampaignTester.release.xcconfig"; sourceTree = "<group>"; };
		34D46E0BDD44BB731B5E372E /* Pods-AEPCampaign-AEPCampaignUnitTests.release.xcconfig */ = {isa = PBXFileReference; includeInIndex = 1; lastKnownFileType = text.xcconfig; name = "Pods-AEPCampaign-AEPCampaignUnitTests.release.xcconfig"; path = "Target Support Files/Pods-AEPCampaign-AEPCampaignUnitTests/Pods-AEPCampaign-AEPCampaignUnitTests.release.xcconfig"; sourceTree = "<group>"; };
		3D10A5F5262581650049BDA1 /* AEPCampaign.framework */ = {isa = PBXFileReference; explicitFileType = wrapper.framework; includeInIndex = 0; path = AEPCampaign.framework; sourceTree = BUILT_PRODUCTS_DIR; };
		3D10A5F8262581650049BDA1 /* AEPCampaign.h */ = {isa = PBXFileReference; lastKnownFileType = sourcecode.c.h; path = AEPCampaign.h; sourceTree = "<group>"; };
		3D10A5F9262581650049BDA1 /* Info.plist */ = {isa = PBXFileReference; lastKnownFileType = text.plist.xml; path = Info.plist; sourceTree = "<group>"; };
		3D10A6242625826D0049BDA1 /* AEPCampaignFunctionalTests.xctest */ = {isa = PBXFileReference; explicitFileType = wrapper.cfbundle; includeInIndex = 0; path = AEPCampaignFunctionalTests.xctest; sourceTree = BUILT_PRODUCTS_DIR; };
		3D10A6282625826D0049BDA1 /* Info.plist */ = {isa = PBXFileReference; lastKnownFileType = text.plist.xml; path = Info.plist; sourceTree = "<group>"; };
		3D10A63A262582A60049BDA1 /* AEPCampaignUnitTests.xctest */ = {isa = PBXFileReference; explicitFileType = wrapper.cfbundle; includeInIndex = 0; path = AEPCampaignUnitTests.xctest; sourceTree = BUILT_PRODUCTS_DIR; };
		3D10A652262583C70049BDA1 /* Campaign.swift */ = {isa = PBXFileReference; lastKnownFileType = sourcecode.swift; name = Campaign.swift; path = AEPCampaign/Sources/Campaign.swift; sourceTree = SOURCE_ROOT; };
		3D10A6572625841C0049BDA1 /* CampaignConstants.swift */ = {isa = PBXFileReference; lastKnownFileType = sourcecode.swift; path = CampaignConstants.swift; sourceTree = "<group>"; };
		3D10A65C2625847B0049BDA1 /* Campaign+PublicAPI.swift */ = {isa = PBXFileReference; lastKnownFileType = sourcecode.swift; path = "Campaign+PublicAPI.swift"; sourceTree = "<group>"; };
		3D46568A262A1DBE00BFC421 /* MessageInteractionTracker.swift */ = {isa = PBXFileReference; lastKnownFileType = sourcecode.swift; path = MessageInteractionTracker.swift; sourceTree = "<group>"; };
		3D465692262F4C9800BFC421 /* TestableExtensionRuntime.swift */ = {isa = PBXFileReference; fileEncoding = 4; lastKnownFileType = sourcecode.swift; path = TestableExtensionRuntime.swift; sourceTree = "<group>"; };
		3D4656A8262F510D00BFC421 /* CampaignTests.swift */ = {isa = PBXFileReference; lastKnownFileType = sourcecode.swift; path = CampaignTests.swift; sourceTree = "<group>"; };
		4D09EDCE32512CC3F38B932E /* Pods-AEPCampaign-AEPCampaignFunctionalTests.release.xcconfig */ = {isa = PBXFileReference; includeInIndex = 1; lastKnownFileType = text.xcconfig; name = "Pods-AEPCampaign-AEPCampaignFunctionalTests.release.xcconfig"; path = "Target Support Files/Pods-AEPCampaign-AEPCampaignFunctionalTests/Pods-AEPCampaign-AEPCampaignFunctionalTests.release.xcconfig"; sourceTree = "<group>"; };
		553E4A339944C71CD61160B8 /* Pods_AEPCampaign.framework */ = {isa = PBXFileReference; explicitFileType = wrapper.framework; includeInIndex = 0; path = Pods_AEPCampaign.framework; sourceTree = BUILT_PRODUCTS_DIR; };
		6FFFA97883A90DADCE3A92BE /* Pods-CampaignTester.debug.xcconfig */ = {isa = PBXFileReference; includeInIndex = 1; lastKnownFileType = text.xcconfig; name = "Pods-CampaignTester.debug.xcconfig"; path = "Target Support Files/Pods-CampaignTester/Pods-CampaignTester.debug.xcconfig"; sourceTree = "<group>"; };
		8155209467545C587AE3CC12 /* Pods-AEPCampaignFunctionalTests.release.xcconfig */ = {isa = PBXFileReference; includeInIndex = 1; lastKnownFileType = text.xcconfig; name = "Pods-AEPCampaignFunctionalTests.release.xcconfig"; path = "Target Support Files/Pods-AEPCampaignFunctionalTests/Pods-AEPCampaignFunctionalTests.release.xcconfig"; sourceTree = "<group>"; };
		815CCC4E98E8776AE2491F3B /* Pods_AEPCampaignFunctionalTests.framework */ = {isa = PBXFileReference; explicitFileType = wrapper.framework; includeInIndex = 0; path = Pods_AEPCampaignFunctionalTests.framework; sourceTree = BUILT_PRODUCTS_DIR; };
		832CA6B995776E9E268A1372 /* Pods-AEPCampaign-AEPCampaignFunctionalTests.debug.xcconfig */ = {isa = PBXFileReference; includeInIndex = 1; lastKnownFileType = text.xcconfig; name = "Pods-AEPCampaign-AEPCampaignFunctionalTests.debug.xcconfig"; path = "Target Support Files/Pods-AEPCampaign-AEPCampaignFunctionalTests/Pods-AEPCampaign-AEPCampaignFunctionalTests.debug.xcconfig"; sourceTree = "<group>"; };
		A3A99FAF3EF2C88ACE12F2DC /* Pods-AEPCampaign.release.xcconfig */ = {isa = PBXFileReference; includeInIndex = 1; lastKnownFileType = text.xcconfig; name = "Pods-AEPCampaign.release.xcconfig"; path = "Target Support Files/Pods-AEPCampaign/Pods-AEPCampaign.release.xcconfig"; sourceTree = "<group>"; };
		A3DF14172497EF8FE5FD0CEE /* Pods_CampaignTester.framework */ = {isa = PBXFileReference; explicitFileType = wrapper.framework; includeInIndex = 0; path = Pods_CampaignTester.framework; sourceTree = BUILT_PRODUCTS_DIR; };
		BAA0DA070500C13F89C7115E /* Pods-AEPCampaign-AEPCampaignUnitTests.debug.xcconfig */ = {isa = PBXFileReference; includeInIndex = 1; lastKnownFileType = text.xcconfig; name = "Pods-AEPCampaign-AEPCampaignUnitTests.debug.xcconfig"; path = "Target Support Files/Pods-AEPCampaign-AEPCampaignUnitTests/Pods-AEPCampaign-AEPCampaignUnitTests.debug.xcconfig"; sourceTree = "<group>"; };
		C1FA72034961068F23ECE0E5 /* Pods-AEPCampaignFunctionalTests.debug.xcconfig */ = {isa = PBXFileReference; includeInIndex = 1; lastKnownFileType = text.xcconfig; name = "Pods-AEPCampaignFunctionalTests.debug.xcconfig"; path = "Target Support Files/Pods-AEPCampaignFunctionalTests/Pods-AEPCampaignFunctionalTests.debug.xcconfig"; sourceTree = "<group>"; };
		D6577DE42628DA8D008F0528 /* MockDataQueueService.swift */ = {isa = PBXFileReference; lastKnownFileType = sourcecode.swift; path = MockDataQueueService.swift; sourceTree = "<group>"; };
		D6577DED2628DAC7008F0528 /* MockDataQueuing.swift */ = {isa = PBXFileReference; lastKnownFileType = sourcecode.swift; path = MockDataQueuing.swift; sourceTree = "<group>"; };
		D6577DF92628F48A008F0528 /* URL+Campaign.swift */ = {isa = PBXFileReference; lastKnownFileType = sourcecode.swift; path = "URL+Campaign.swift"; sourceTree = "<group>"; };
		D6577E19262DFFA9008F0528 /* HitQueuing+Campaign.swift */ = {isa = PBXFileReference; lastKnownFileType = sourcecode.swift; path = "HitQueuing+Campaign.swift"; sourceTree = "<group>"; };
		D6577E2D262F44EB008F0528 /* CampaignHitProcessorTests.swift */ = {isa = PBXFileReference; lastKnownFileType = sourcecode.swift; path = CampaignHitProcessorTests.swift; sourceTree = "<group>"; };
		D6577E32262F6E12008F0528 /* MockNetworking.swift */ = {isa = PBXFileReference; lastKnownFileType = sourcecode.swift; path = MockNetworking.swift; sourceTree = "<group>"; };
		D6B2F00F2634B3F000747CFE /* MockExtension.swift */ = {isa = PBXFileReference; lastKnownFileType = sourcecode.swift; path = MockExtension.swift; sourceTree = "<group>"; };
		D6B2F0152634B46200747CFE /* TestHelper.swift */ = {isa = PBXFileReference; lastKnownFileType = sourcecode.swift; path = TestHelper.swift; sourceTree = "<group>"; };
		D6B2F0282637445D00747CFE /* CampaignRuleConsequence.swift */ = {isa = PBXFileReference; lastKnownFileType = sourcecode.swift; path = CampaignRuleConsequence.swift; sourceTree = "<group>"; };
		D6B2F02D2637786D00747CFE /* LocalNotificationMessage.swift */ = {isa = PBXFileReference; lastKnownFileType = sourcecode.swift; path = LocalNotificationMessage.swift; sourceTree = "<group>"; };
		D6B2F04D26386EB100747CFE /* CampaignMessaging.swift */ = {isa = PBXFileReference; lastKnownFileType = sourcecode.swift; path = CampaignMessaging.swift; sourceTree = "<group>"; };
		D6B405AB263B801B002814FC /* MessageTests.swift */ = {isa = PBXFileReference; lastKnownFileType = sourcecode.swift; path = MessageTests.swift; sourceTree = "<group>"; };
		D6B405C2263C58F7002814FC /* TestMessage.swift */ = {isa = PBXFileReference; lastKnownFileType = sourcecode.swift; path = TestMessage.swift; sourceTree = "<group>"; };
		D6B405C8263C6057002814FC /* MockUrlService.swift */ = {isa = PBXFileReference; lastKnownFileType = sourcecode.swift; path = MockUrlService.swift; sourceTree = "<group>"; };
		D6B40601263C99EE002814FC /* UnitTestApp.app */ = {isa = PBXFileReference; explicitFileType = wrapper.application; includeInIndex = 0; path = UnitTestApp.app; sourceTree = BUILT_PRODUCTS_DIR; };
		D6B40603263C99EE002814FC /* AppDelegate.swift */ = {isa = PBXFileReference; lastKnownFileType = sourcecode.swift; path = AppDelegate.swift; sourceTree = "<group>"; };
		D6B40605263C99EE002814FC /* SceneDelegate.swift */ = {isa = PBXFileReference; lastKnownFileType = sourcecode.swift; path = SceneDelegate.swift; sourceTree = "<group>"; };
		D6B40607263C99EE002814FC /* ContentView.swift */ = {isa = PBXFileReference; lastKnownFileType = sourcecode.swift; path = ContentView.swift; sourceTree = "<group>"; };
		D6B40609263C99EF002814FC /* Assets.xcassets */ = {isa = PBXFileReference; lastKnownFileType = folder.assetcatalog; path = Assets.xcassets; sourceTree = "<group>"; };
		D6B4060C263C99EF002814FC /* Preview Assets.xcassets */ = {isa = PBXFileReference; lastKnownFileType = folder.assetcatalog; path = "Preview Assets.xcassets"; sourceTree = "<group>"; };
		D6B4060F263C99EF002814FC /* Base */ = {isa = PBXFileReference; lastKnownFileType = file.storyboard; name = Base; path = Base.lproj/LaunchScreen.storyboard; sourceTree = "<group>"; };
		D6B40611263C99F0002814FC /* Info.plist */ = {isa = PBXFileReference; lastKnownFileType = text.plist.xml; path = Info.plist; sourceTree = "<group>"; };
		D6B4068B26420269002814FC /* CampaignFullscreenMessage.swift */ = {isa = PBXFileReference; lastKnownFileType = sourcecode.swift; path = CampaignFullscreenMessage.swift; sourceTree = "<group>"; };
		D6B4069226424F32002814FC /* CampaignFullscreenMessageDelegate.swift */ = {isa = PBXFileReference; lastKnownFileType = sourcecode.swift; path = CampaignFullscreenMessageDelegate.swift; sourceTree = "<group>"; };
		D6B406BC264316A7002814FC /* MessageAssetsDownloader.swift */ = {isa = PBXFileReference; lastKnownFileType = sourcecode.swift; path = MessageAssetsDownloader.swift; sourceTree = "<group>"; };
		D6B406C3264347C3002814FC /* WebKit.framework */ = {isa = PBXFileReference; lastKnownFileType = wrapper.framework; name = WebKit.framework; path = System/Library/Frameworks/WebKit.framework; sourceTree = SDKROOT; };
		D6B406D52643638D002814FC /* CampaignTester.entitlements */ = {isa = PBXFileReference; lastKnownFileType = text.plist.entitlements; path = CampaignTester.entitlements; sourceTree = "<group>"; };
		D6E823B8262616E90092C7DE /* CampaignState.swift */ = {isa = PBXFileReference; fileEncoding = 4; lastKnownFileType = sourcecode.swift; path = CampaignState.swift; sourceTree = "<group>"; };
		D6E823BA262616F80092C7DE /* CampaignStateTests.swift */ = {isa = PBXFileReference; fileEncoding = 4; lastKnownFileType = sourcecode.swift; path = CampaignStateTests.swift; sourceTree = "<group>"; };
		D6E823DC262761130092C7DE /* CampaignHitProcessor.swift */ = {isa = PBXFileReference; lastKnownFileType = sourcecode.swift; path = CampaignHitProcessor.swift; sourceTree = "<group>"; };
		D6E823E12627617F0092C7DE /* CampaignHit.swift */ = {isa = PBXFileReference; lastKnownFileType = sourcecode.swift; path = CampaignHit.swift; sourceTree = "<group>"; };
		D6E824272628A6700092C7DE /* CampaignHitQueuingTests.swift */ = {isa = PBXFileReference; lastKnownFileType = sourcecode.swift; path = CampaignHitQueuingTests.swift; sourceTree = "<group>"; };
		D6E8243A2628A9830092C7DE /* MockHitProcessor.swift */ = {isa = PBXFileReference; lastKnownFileType = sourcecode.swift; path = MockHitProcessor.swift; sourceTree = "<group>"; };
		D6E9787D2639D197003F3372 /* CampaignTester.app */ = {isa = PBXFileReference; explicitFileType = wrapper.application; includeInIndex = 0; path = CampaignTester.app; sourceTree = BUILT_PRODUCTS_DIR; };
		D6E9787F2639D197003F3372 /* AppDelegate.swift */ = {isa = PBXFileReference; lastKnownFileType = sourcecode.swift; path = AppDelegate.swift; sourceTree = "<group>"; };
		D6E978812639D197003F3372 /* SceneDelegate.swift */ = {isa = PBXFileReference; lastKnownFileType = sourcecode.swift; path = SceneDelegate.swift; sourceTree = "<group>"; };
		D6E978832639D197003F3372 /* CampaignView.swift */ = {isa = PBXFileReference; lastKnownFileType = sourcecode.swift; path = CampaignView.swift; sourceTree = "<group>"; };
		D6E978882639D199003F3372 /* Preview Assets.xcassets */ = {isa = PBXFileReference; lastKnownFileType = folder.assetcatalog; path = "Preview Assets.xcassets"; sourceTree = "<group>"; };
		D6E9788B2639D199003F3372 /* Base */ = {isa = PBXFileReference; lastKnownFileType = file.storyboard; name = Base; path = Base.lproj/LaunchScreen.storyboard; sourceTree = "<group>"; };
		D6E9788D2639D199003F3372 /* Info.plist */ = {isa = PBXFileReference; lastKnownFileType = text.plist.xml; path = Info.plist; sourceTree = "<group>"; };
		D6E978A62639D1F2003F3372 /* UserNotificationsUI.framework */ = {isa = PBXFileReference; lastKnownFileType = wrapper.framework; name = UserNotificationsUI.framework; path = System/Library/Frameworks/UserNotificationsUI.framework; sourceTree = SDKROOT; };
		D6E978A72639D1F2003F3372 /* NotificationCenter.framework */ = {isa = PBXFileReference; lastKnownFileType = wrapper.framework; name = NotificationCenter.framework; path = System/Library/Frameworks/NotificationCenter.framework; sourceTree = SDKROOT; };
		D6E978A82639D1F2003F3372 /* UserNotifications.framework */ = {isa = PBXFileReference; lastKnownFileType = wrapper.framework; name = UserNotifications.framework; path = System/Library/Frameworks/UserNotifications.framework; sourceTree = SDKROOT; };
		D6E979012639DFE6003F3372 /* Assets.xcassets */ = {isa = PBXFileReference; lastKnownFileType = folder.assetcatalog; path = Assets.xcassets; sourceTree = "<group>"; };
		D6E97924263B34FE003F3372 /* LocalNotificationMessageTests.swift */ = {isa = PBXFileReference; lastKnownFileType = sourcecode.swift; path = LocalNotificationMessageTests.swift; sourceTree = "<group>"; };
		D6E9792E263B4775003F3372 /* Event+Campaign.swift */ = {isa = PBXFileReference; lastKnownFileType = sourcecode.swift; path = "Event+Campaign.swift"; sourceTree = "<group>"; };
		FCB64B12141CA636FC40E888 /* Pods-AEPCampaignUnitTests.release.xcconfig */ = {isa = PBXFileReference; includeInIndex = 1; lastKnownFileType = text.xcconfig; name = "Pods-AEPCampaignUnitTests.release.xcconfig"; path = "Target Support Files/Pods-AEPCampaignUnitTests/Pods-AEPCampaignUnitTests.release.xcconfig"; sourceTree = "<group>"; };
/* End PBXFileReference section */

/* Begin PBXFrameworksBuildPhase section */
		3D10A5F2262581650049BDA1 /* Frameworks */ = {
			isa = PBXFrameworksBuildPhase;
			buildActionMask = 2147483647;
			files = (
				3D10A67C26260FCC0049BDA1 /* Pods_AEPCampaign.framework in Frameworks */,
			);
			runOnlyForDeploymentPostprocessing = 0;
		};
		3D10A6212625826D0049BDA1 /* Frameworks */ = {
			isa = PBXFrameworksBuildPhase;
			buildActionMask = 2147483647;
			files = (
				3D10A6292625826D0049BDA1 /* AEPCampaign.framework in Frameworks */,
				9961B5CB48F7BE9C393DBB0B /* Pods_AEPCampaignFunctionalTests.framework in Frameworks */,
			);
			runOnlyForDeploymentPostprocessing = 0;
		};
		3D10A637262582A60049BDA1 /* Frameworks */ = {
			isa = PBXFrameworksBuildPhase;
			buildActionMask = 2147483647;
			files = (
				3D10A63F262582A60049BDA1 /* AEPCampaign.framework in Frameworks */,
				000714A4FBBF26B9FD3E2A38 /* Pods_AEPCampaignUnitTests.framework in Frameworks */,
			);
			runOnlyForDeploymentPostprocessing = 0;
		};
		D6B405FE263C99EE002814FC /* Frameworks */ = {
			isa = PBXFrameworksBuildPhase;
			buildActionMask = 2147483647;
			files = (
			);
			runOnlyForDeploymentPostprocessing = 0;
		};
		D6E9787A2639D197003F3372 /* Frameworks */ = {
			isa = PBXFrameworksBuildPhase;
			buildActionMask = 2147483647;
			files = (
				D6B407102643921E002814FC /* AEPCampaign.framework in Frameworks */,
				D6B407302643A8F1002814FC /* NotificationCenter.framework in Frameworks */,
				D6B407312643A8F1002814FC /* UserNotifications.framework in Frameworks */,
				D6B406CF2643579E002814FC /* WebKit.framework in Frameworks */,
				62FD4F96F29454684E169BA6 /* Pods_CampaignTester.framework in Frameworks */,
			);
			runOnlyForDeploymentPostprocessing = 0;
		};
/* End PBXFrameworksBuildPhase section */

/* Begin PBXGroup section */
		12D8E3E1F60C49269F3E7366 /* Frameworks */ = {
			isa = PBXGroup;
			children = (
				D6B406C3264347C3002814FC /* WebKit.framework */,
				D6E978A72639D1F2003F3372 /* NotificationCenter.framework */,
				D6E978A82639D1F2003F3372 /* UserNotifications.framework */,
				D6E978A62639D1F2003F3372 /* UserNotificationsUI.framework */,
				553E4A339944C71CD61160B8 /* Pods_AEPCampaign.framework */,
				815CCC4E98E8776AE2491F3B /* Pods_AEPCampaignFunctionalTests.framework */,
				0E80751EC15A0C57E1ED32B1 /* Pods_AEPCampaignUnitTests.framework */,
				A3DF14172497EF8FE5FD0CEE /* Pods_CampaignTester.framework */,
			);
			name = Frameworks;
			sourceTree = "<group>";
		};
		2AB161FD1BE5CCC7C18D7E78 /* Pods */ = {
			isa = PBXGroup;
			children = (
				150C854BF5853ED961FE86F8 /* Pods-AEPCampaign.debug.xcconfig */,
				A3A99FAF3EF2C88ACE12F2DC /* Pods-AEPCampaign.release.xcconfig */,
				832CA6B995776E9E268A1372 /* Pods-AEPCampaign-AEPCampaignFunctionalTests.debug.xcconfig */,
				4D09EDCE32512CC3F38B932E /* Pods-AEPCampaign-AEPCampaignFunctionalTests.release.xcconfig */,
				BAA0DA070500C13F89C7115E /* Pods-AEPCampaign-AEPCampaignUnitTests.debug.xcconfig */,
				34D46E0BDD44BB731B5E372E /* Pods-AEPCampaign-AEPCampaignUnitTests.release.xcconfig */,
				6FFFA97883A90DADCE3A92BE /* Pods-CampaignTester.debug.xcconfig */,
				15428E88B323601D278C41FE /* Pods-CampaignTester.release.xcconfig */,
				C1FA72034961068F23ECE0E5 /* Pods-AEPCampaignFunctionalTests.debug.xcconfig */,
				8155209467545C587AE3CC12 /* Pods-AEPCampaignFunctionalTests.release.xcconfig */,
				0658E66756CCA4CD9BC43EEA /* Pods-AEPCampaignUnitTests.debug.xcconfig */,
				FCB64B12141CA636FC40E888 /* Pods-AEPCampaignUnitTests.release.xcconfig */,
			);
			path = Pods;
			sourceTree = "<group>";
		};
		3D10A5EB262581650049BDA1 = {
			isa = PBXGroup;
			children = (
				3D10A5F7262581650049BDA1 /* AEPCampaign */,
				D6E9787E2639D197003F3372 /* CampaignTester */,
				D6B40602263C99EE002814FC /* UnitTestApp */,
				3D10A5F6262581650049BDA1 /* Products */,
				2AB161FD1BE5CCC7C18D7E78 /* Pods */,
				12D8E3E1F60C49269F3E7366 /* Frameworks */,
			);
			sourceTree = "<group>";
		};
		3D10A5F6262581650049BDA1 /* Products */ = {
			isa = PBXGroup;
			children = (
				3D10A5F5262581650049BDA1 /* AEPCampaign.framework */,
				3D10A6242625826D0049BDA1 /* AEPCampaignFunctionalTests.xctest */,
				3D10A63A262582A60049BDA1 /* AEPCampaignUnitTests.xctest */,
				D6E9787D2639D197003F3372 /* CampaignTester.app */,
				D6B40601263C99EE002814FC /* UnitTestApp.app */,
			);
			name = Products;
			sourceTree = "<group>";
		};
		3D10A5F7262581650049BDA1 /* AEPCampaign */ = {
			isa = PBXGroup;
			children = (
				3D10A61B262581AD0049BDA1 /* Sources */,
				3D10A61C262581DA0049BDA1 /* Tests */,
			);
			path = AEPCampaign;
			sourceTree = "<group>";
		};
		3D10A61B262581AD0049BDA1 /* Sources */ = {
			isa = PBXGroup;
			children = (
				D6B2F0242637444600747CFE /* Rules */,
				D6B2F01E2637326800747CFE /* Messages */,
				3D10A5F8262581650049BDA1 /* AEPCampaign.h */,
				3D10A5F9262581650049BDA1 /* Info.plist */,
				3D10A652262583C70049BDA1 /* Campaign.swift */,
				3D10A6572625841C0049BDA1 /* CampaignConstants.swift */,
				D6E823E12627617F0092C7DE /* CampaignHit.swift */,
				D6E823DC262761130092C7DE /* CampaignHitProcessor.swift */,
				3D10A65C2625847B0049BDA1 /* Campaign+PublicAPI.swift */,
				D6E823B8262616E90092C7DE /* CampaignState.swift */,
				D6E9792E263B4775003F3372 /* Event+Campaign.swift */,
				D6577E19262DFFA9008F0528 /* HitQueuing+Campaign.swift */,
				3D46568A262A1DBE00BFC421 /* MessageInteractionTracker.swift */,
				D6577DF92628F48A008F0528 /* URL+Campaign.swift */,
			);
			path = Sources;
			sourceTree = "<group>";
		};
		3D10A61C262581DA0049BDA1 /* Tests */ = {
			isa = PBXGroup;
			children = (
				D6E824392628A9640092C7DE /* TestHelpers */,
				3D10A6252625826D0049BDA1 /* AEPCampaignFunctionalTests */,
				3D10A63B262582A60049BDA1 /* AEPCampaignUnitTests */,
				3D10A6282625826D0049BDA1 /* Info.plist */,
			);
			path = Tests;
			sourceTree = "<group>";
		};
		3D10A6252625826D0049BDA1 /* AEPCampaignFunctionalTests */ = {
			isa = PBXGroup;
			children = (
			);
			path = AEPCampaignFunctionalTests;
			sourceTree = "<group>";
		};
		3D10A63B262582A60049BDA1 /* AEPCampaignUnitTests */ = {
			isa = PBXGroup;
			children = (
				D6E823BA262616F80092C7DE /* CampaignStateTests.swift */,
				D6E824272628A6700092C7DE /* CampaignHitQueuingTests.swift */,
				D6577E2D262F44EB008F0528 /* CampaignHitProcessorTests.swift */,
				3D4656A8262F510D00BFC421 /* CampaignTests.swift */,
				D6E97924263B34FE003F3372 /* LocalNotificationMessageTests.swift */,
				D6B405AB263B801B002814FC /* MessageTests.swift */,
			);
			path = AEPCampaignUnitTests;
			sourceTree = "<group>";
		};
		D6B2F01E2637326800747CFE /* Messages */ = {
			isa = PBXGroup;
			children = (
				D6B2F04D26386EB100747CFE /* CampaignMessaging.swift */,
				D6B2F02D2637786D00747CFE /* LocalNotificationMessage.swift */,
				D6B4068B26420269002814FC /* CampaignFullscreenMessage.swift */,
				D6B4069226424F32002814FC /* CampaignFullscreenMessageDelegate.swift */,
				D6B406BC264316A7002814FC /* MessageAssetsDownloader.swift */,
			);
			path = Messages;
			sourceTree = "<group>";
		};
		D6B2F0242637444600747CFE /* Rules */ = {
			isa = PBXGroup;
			children = (
				D6B2F0282637445D00747CFE /* CampaignRuleConsequence.swift */,
			);
			path = Rules;
			sourceTree = "<group>";
		};
		D6B40602263C99EE002814FC /* UnitTestApp */ = {
			isa = PBXGroup;
			children = (
				D6B40603263C99EE002814FC /* AppDelegate.swift */,
				D6B40605263C99EE002814FC /* SceneDelegate.swift */,
				D6B40607263C99EE002814FC /* ContentView.swift */,
				D6B40609263C99EF002814FC /* Assets.xcassets */,
				D6B4060E263C99EF002814FC /* LaunchScreen.storyboard */,
				D6B40611263C99F0002814FC /* Info.plist */,
				D6B4060B263C99EF002814FC /* Preview Content */,
			);
			path = UnitTestApp;
			sourceTree = "<group>";
		};
		D6B4060B263C99EF002814FC /* Preview Content */ = {
			isa = PBXGroup;
			children = (
				D6B4060C263C99EF002814FC /* Preview Assets.xcassets */,
			);
			path = "Preview Content";
			sourceTree = "<group>";
		};
		D6E824392628A9640092C7DE /* TestHelpers */ = {
			isa = PBXGroup;
			children = (
				3D465692262F4C9800BFC421 /* TestableExtensionRuntime.swift */,
				D6E8243A2628A9830092C7DE /* MockHitProcessor.swift */,
				D6577DE42628DA8D008F0528 /* MockDataQueueService.swift */,
				D6577DED2628DAC7008F0528 /* MockDataQueuing.swift */,
				D6577E32262F6E12008F0528 /* MockNetworking.swift */,
				D6B2F00F2634B3F000747CFE /* MockExtension.swift */,
				D6B405C8263C6057002814FC /* MockUrlService.swift */,
				D6B2F0152634B46200747CFE /* TestHelper.swift */,
				D6B405C2263C58F7002814FC /* TestMessage.swift */,
			);
			path = TestHelpers;
			sourceTree = "<group>";
		};
		D6E9787E2639D197003F3372 /* CampaignTester */ = {
			isa = PBXGroup;
			children = (
				D6B406D52643638D002814FC /* CampaignTester.entitlements */,
				D6E979012639DFE6003F3372 /* Assets.xcassets */,
				D6E9787F2639D197003F3372 /* AppDelegate.swift */,
				D6E978812639D197003F3372 /* SceneDelegate.swift */,
				D6E978832639D197003F3372 /* CampaignView.swift */,
				D6E9788A2639D199003F3372 /* LaunchScreen.storyboard */,
				D6E9788D2639D199003F3372 /* Info.plist */,
				D6E978872639D199003F3372 /* Preview Content */,
			);
			path = CampaignTester;
			sourceTree = "<group>";
		};
		D6E978872639D199003F3372 /* Preview Content */ = {
			isa = PBXGroup;
			children = (
				D6E978882639D199003F3372 /* Preview Assets.xcassets */,
			);
			path = "Preview Content";
			sourceTree = "<group>";
		};
/* End PBXGroup section */

/* Begin PBXHeadersBuildPhase section */
		3D10A5F0262581650049BDA1 /* Headers */ = {
			isa = PBXHeadersBuildPhase;
			buildActionMask = 2147483647;
			files = (
				3D10A606262581650049BDA1 /* AEPCampaign.h in Headers */,
			);
			runOnlyForDeploymentPostprocessing = 0;
		};
/* End PBXHeadersBuildPhase section */

/* Begin PBXNativeTarget section */
		3D10A5F4262581650049BDA1 /* AEPCampaign */ = {
			isa = PBXNativeTarget;
			buildConfigurationList = 3D10A609262581650049BDA1 /* Build configuration list for PBXNativeTarget "AEPCampaign" */;
			buildPhases = (
				8208F379A32DC42383BC7457 /* [CP] Check Pods Manifest.lock */,
				3D10A5F0262581650049BDA1 /* Headers */,
				3D10A5F1262581650049BDA1 /* Sources */,
				3D10A5F2262581650049BDA1 /* Frameworks */,
				3D10A5F3262581650049BDA1 /* Resources */,
				D6B2EFE02633761500747CFE /* ShellScript */,
			);
			buildRules = (
			);
			dependencies = (
			);
			name = AEPCampaign;
			productName = AEPCampaign;
			productReference = 3D10A5F5262581650049BDA1 /* AEPCampaign.framework */;
			productType = "com.apple.product-type.framework";
		};
		3D10A6232625826D0049BDA1 /* AEPCampaignFunctionalTests */ = {
			isa = PBXNativeTarget;
			buildConfigurationList = 3D10A62C2625826D0049BDA1 /* Build configuration list for PBXNativeTarget "AEPCampaignFunctionalTests" */;
			buildPhases = (
				A2779C34D0E8CCBEE5538075 /* [CP] Check Pods Manifest.lock */,
				3D10A6202625826D0049BDA1 /* Sources */,
				3D10A6212625826D0049BDA1 /* Frameworks */,
				3D10A6222625826D0049BDA1 /* Resources */,
				3A4336AB0933108633D1F255 /* [CP] Embed Pods Frameworks */,
			);
			buildRules = (
			);
			dependencies = (
				3D10A62B2625826D0049BDA1 /* PBXTargetDependency */,
			);
			name = AEPCampaignFunctionalTests;
			productName = AEPCampaignFunctionalTests;
			productReference = 3D10A6242625826D0049BDA1 /* AEPCampaignFunctionalTests.xctest */;
			productType = "com.apple.product-type.bundle.unit-test";
		};
		3D10A639262582A60049BDA1 /* AEPCampaignUnitTests */ = {
			isa = PBXNativeTarget;
			buildConfigurationList = 3D10A642262582A60049BDA1 /* Build configuration list for PBXNativeTarget "AEPCampaignUnitTests" */;
			buildPhases = (
				E5399E354E372695108B262F /* [CP] Check Pods Manifest.lock */,
				3D10A636262582A60049BDA1 /* Sources */,
				3D10A637262582A60049BDA1 /* Frameworks */,
				3D10A638262582A60049BDA1 /* Resources */,
				1AF77B918F60F828650551A2 /* [CP] Embed Pods Frameworks */,
			);
			buildRules = (
			);
			dependencies = (
				3D10A641262582A60049BDA1 /* PBXTargetDependency */,
				D6B405F8263C99AA002814FC /* PBXTargetDependency */,
				D6B4061B263C9A2E002814FC /* PBXTargetDependency */,
			);
			name = AEPCampaignUnitTests;
			productName = AEPCampaignUnitTests;
			productReference = 3D10A63A262582A60049BDA1 /* AEPCampaignUnitTests.xctest */;
			productType = "com.apple.product-type.bundle.unit-test";
		};
		D6B40600263C99EE002814FC /* UnitTestApp */ = {
			isa = PBXNativeTarget;
			buildConfigurationList = D6B40612263C99F0002814FC /* Build configuration list for PBXNativeTarget "UnitTestApp" */;
			buildPhases = (
				D6B405FD263C99EE002814FC /* Sources */,
				D6B405FE263C99EE002814FC /* Frameworks */,
				D6B405FF263C99EE002814FC /* Resources */,
			);
			buildRules = (
			);
			dependencies = (
			);
			name = UnitTestApp;
			productName = UnitTestApp;
			productReference = D6B40601263C99EE002814FC /* UnitTestApp.app */;
			productType = "com.apple.product-type.application";
		};
		D6E9787C2639D197003F3372 /* CampaignTester */ = {
			isa = PBXNativeTarget;
			buildConfigurationList = D6E978902639D199003F3372 /* Build configuration list for PBXNativeTarget "CampaignTester" */;
			buildPhases = (
				C8112D1A46B1261FAD25E849 /* [CP] Check Pods Manifest.lock */,
				D6E978792639D197003F3372 /* Sources */,
				D6E9787A2639D197003F3372 /* Frameworks */,
				D6E9787B2639D197003F3372 /* Resources */,
				4F184F52CEF4E9B1231257ED /* [CP] Embed Pods Frameworks */,
				D6B407122643921E002814FC /* Embed Frameworks */,
			);
			buildRules = (
			);
			dependencies = (
				D6E978A52639D1E2003F3372 /* PBXTargetDependency */,
			);
			name = CampaignTester;
			productName = CampaignTester;
			productReference = D6E9787D2639D197003F3372 /* CampaignTester.app */;
			productType = "com.apple.product-type.application";
		};
/* End PBXNativeTarget section */

/* Begin PBXProject section */
		3D10A5EC262581650049BDA1 /* Project object */ = {
			isa = PBXProject;
			attributes = {
				LastSwiftUpdateCheck = 1240;
				LastUpgradeCheck = 1220;
				TargetAttributes = {
					3D10A5F4262581650049BDA1 = {
						CreatedOnToolsVersion = 12.2;
						LastSwiftMigration = 1220;
					};
					3D10A6232625826D0049BDA1 = {
						CreatedOnToolsVersion = 12.2;
					};
					3D10A639262582A60049BDA1 = {
						CreatedOnToolsVersion = 12.2;
						TestTargetID = D6B40600263C99EE002814FC;
					};
					D6B40600263C99EE002814FC = {
						CreatedOnToolsVersion = 12.4;
					};
					D6E9787C2639D197003F3372 = {
						CreatedOnToolsVersion = 12.4;
					};
				};
			};
			buildConfigurationList = 3D10A5EF262581650049BDA1 /* Build configuration list for PBXProject "AEPCampaign" */;
			compatibilityVersion = "Xcode 9.3";
			developmentRegion = en;
			hasScannedForEncodings = 0;
			knownRegions = (
				en,
				Base,
			);
			mainGroup = 3D10A5EB262581650049BDA1;
			productRefGroup = 3D10A5F6262581650049BDA1 /* Products */;
			projectDirPath = "";
			projectRoot = "";
			targets = (
				3D10A5F4262581650049BDA1 /* AEPCampaign */,
				3D10A6232625826D0049BDA1 /* AEPCampaignFunctionalTests */,
				3D10A639262582A60049BDA1 /* AEPCampaignUnitTests */,
				D6E9787C2639D197003F3372 /* CampaignTester */,
				D6B40600263C99EE002814FC /* UnitTestApp */,
			);
		};
/* End PBXProject section */

/* Begin PBXResourcesBuildPhase section */
		3D10A5F3262581650049BDA1 /* Resources */ = {
			isa = PBXResourcesBuildPhase;
			buildActionMask = 2147483647;
			files = (
			);
			runOnlyForDeploymentPostprocessing = 0;
		};
		3D10A6222625826D0049BDA1 /* Resources */ = {
			isa = PBXResourcesBuildPhase;
			buildActionMask = 2147483647;
			files = (
			);
			runOnlyForDeploymentPostprocessing = 0;
		};
		3D10A638262582A60049BDA1 /* Resources */ = {
			isa = PBXResourcesBuildPhase;
			buildActionMask = 2147483647;
			files = (
			);
			runOnlyForDeploymentPostprocessing = 0;
		};
		D6B405FF263C99EE002814FC /* Resources */ = {
			isa = PBXResourcesBuildPhase;
			buildActionMask = 2147483647;
			files = (
				D6B40610263C99F0002814FC /* LaunchScreen.storyboard in Resources */,
				D6B4060D263C99EF002814FC /* Preview Assets.xcassets in Resources */,
				D6B4060A263C99EF002814FC /* Assets.xcassets in Resources */,
			);
			runOnlyForDeploymentPostprocessing = 0;
		};
		D6E9787B2639D197003F3372 /* Resources */ = {
			isa = PBXResourcesBuildPhase;
			buildActionMask = 2147483647;
			files = (
				D6E9788C2639D199003F3372 /* LaunchScreen.storyboard in Resources */,
				D6E979022639DFE6003F3372 /* Assets.xcassets in Resources */,
				D6E978892639D199003F3372 /* Preview Assets.xcassets in Resources */,
			);
			runOnlyForDeploymentPostprocessing = 0;
		};
/* End PBXResourcesBuildPhase section */

/* Begin PBXShellScriptBuildPhase section */
		1AF77B918F60F828650551A2 /* [CP] Embed Pods Frameworks */ = {
			isa = PBXShellScriptBuildPhase;
			buildActionMask = 2147483647;
			files = (
			);
			inputFileListPaths = (
				"${PODS_ROOT}/Target Support Files/Pods-AEPCampaignUnitTests/Pods-AEPCampaignUnitTests-frameworks-${CONFIGURATION}-input-files.xcfilelist",
			);
			name = "[CP] Embed Pods Frameworks";
			outputFileListPaths = (
				"${PODS_ROOT}/Target Support Files/Pods-AEPCampaignUnitTests/Pods-AEPCampaignUnitTests-frameworks-${CONFIGURATION}-output-files.xcfilelist",
			);
			runOnlyForDeploymentPostprocessing = 0;
			shellPath = /bin/sh;
			shellScript = "\"${PODS_ROOT}/Target Support Files/Pods-AEPCampaignUnitTests/Pods-AEPCampaignUnitTests-frameworks.sh\"\n";
			showEnvVarsInLog = 0;
		};
		3A4336AB0933108633D1F255 /* [CP] Embed Pods Frameworks */ = {
			isa = PBXShellScriptBuildPhase;
			buildActionMask = 2147483647;
			files = (
			);
			inputFileListPaths = (
				"${PODS_ROOT}/Target Support Files/Pods-AEPCampaignFunctionalTests/Pods-AEPCampaignFunctionalTests-frameworks-${CONFIGURATION}-input-files.xcfilelist",
			);
			name = "[CP] Embed Pods Frameworks";
			outputFileListPaths = (
				"${PODS_ROOT}/Target Support Files/Pods-AEPCampaignFunctionalTests/Pods-AEPCampaignFunctionalTests-frameworks-${CONFIGURATION}-output-files.xcfilelist",
			);
			runOnlyForDeploymentPostprocessing = 0;
			shellPath = /bin/sh;
			shellScript = "\"${PODS_ROOT}/Target Support Files/Pods-AEPCampaignFunctionalTests/Pods-AEPCampaignFunctionalTests-frameworks.sh\"\n";
			showEnvVarsInLog = 0;
		};
		4F184F52CEF4E9B1231257ED /* [CP] Embed Pods Frameworks */ = {
			isa = PBXShellScriptBuildPhase;
			buildActionMask = 2147483647;
			files = (
			);
			inputFileListPaths = (
				"${PODS_ROOT}/Target Support Files/Pods-CampaignTester/Pods-CampaignTester-frameworks-${CONFIGURATION}-input-files.xcfilelist",
			);
			name = "[CP] Embed Pods Frameworks";
			outputFileListPaths = (
				"${PODS_ROOT}/Target Support Files/Pods-CampaignTester/Pods-CampaignTester-frameworks-${CONFIGURATION}-output-files.xcfilelist",
			);
			runOnlyForDeploymentPostprocessing = 0;
			shellPath = /bin/sh;
			shellScript = "\"${PODS_ROOT}/Target Support Files/Pods-CampaignTester/Pods-CampaignTester-frameworks.sh\"\n";
			showEnvVarsInLog = 0;
		};
		8208F379A32DC42383BC7457 /* [CP] Check Pods Manifest.lock */ = {
			isa = PBXShellScriptBuildPhase;
			buildActionMask = 2147483647;
			files = (
			);
			inputFileListPaths = (
			);
			inputPaths = (
				"${PODS_PODFILE_DIR_PATH}/Podfile.lock",
				"${PODS_ROOT}/Manifest.lock",
			);
			name = "[CP] Check Pods Manifest.lock";
			outputFileListPaths = (
			);
			outputPaths = (
				"$(DERIVED_FILE_DIR)/Pods-AEPCampaign-checkManifestLockResult.txt",
			);
			runOnlyForDeploymentPostprocessing = 0;
			shellPath = /bin/sh;
			shellScript = "diff \"${PODS_PODFILE_DIR_PATH}/Podfile.lock\" \"${PODS_ROOT}/Manifest.lock\" > /dev/null\nif [ $? != 0 ] ; then\n    # print error to STDERR\n    echo \"error: The sandbox is not in sync with the Podfile.lock. Run 'pod install' or update your CocoaPods installation.\" >&2\n    exit 1\nfi\n# This output is used by Xcode 'outputs' to avoid re-running this script phase.\necho \"SUCCESS\" > \"${SCRIPT_OUTPUT_FILE_0}\"\n";
			showEnvVarsInLog = 0;
		};
		A2779C34D0E8CCBEE5538075 /* [CP] Check Pods Manifest.lock */ = {
			isa = PBXShellScriptBuildPhase;
			buildActionMask = 2147483647;
			files = (
			);
			inputFileListPaths = (
			);
			inputPaths = (
				"${PODS_PODFILE_DIR_PATH}/Podfile.lock",
				"${PODS_ROOT}/Manifest.lock",
			);
			name = "[CP] Check Pods Manifest.lock";
			outputFileListPaths = (
			);
			outputPaths = (
				"$(DERIVED_FILE_DIR)/Pods-AEPCampaignFunctionalTests-checkManifestLockResult.txt",
			);
			runOnlyForDeploymentPostprocessing = 0;
			shellPath = /bin/sh;
			shellScript = "diff \"${PODS_PODFILE_DIR_PATH}/Podfile.lock\" \"${PODS_ROOT}/Manifest.lock\" > /dev/null\nif [ $? != 0 ] ; then\n    # print error to STDERR\n    echo \"error: The sandbox is not in sync with the Podfile.lock. Run 'pod install' or update your CocoaPods installation.\" >&2\n    exit 1\nfi\n# This output is used by Xcode 'outputs' to avoid re-running this script phase.\necho \"SUCCESS\" > \"${SCRIPT_OUTPUT_FILE_0}\"\n";
			showEnvVarsInLog = 0;
		};
		C8112D1A46B1261FAD25E849 /* [CP] Check Pods Manifest.lock */ = {
			isa = PBXShellScriptBuildPhase;
			buildActionMask = 2147483647;
			files = (
			);
			inputFileListPaths = (
			);
			inputPaths = (
				"${PODS_PODFILE_DIR_PATH}/Podfile.lock",
				"${PODS_ROOT}/Manifest.lock",
			);
			name = "[CP] Check Pods Manifest.lock";
			outputFileListPaths = (
			);
			outputPaths = (
				"$(DERIVED_FILE_DIR)/Pods-CampaignTester-checkManifestLockResult.txt",
			);
			runOnlyForDeploymentPostprocessing = 0;
			shellPath = /bin/sh;
			shellScript = "diff \"${PODS_PODFILE_DIR_PATH}/Podfile.lock\" \"${PODS_ROOT}/Manifest.lock\" > /dev/null\nif [ $? != 0 ] ; then\n    # print error to STDERR\n    echo \"error: The sandbox is not in sync with the Podfile.lock. Run 'pod install' or update your CocoaPods installation.\" >&2\n    exit 1\nfi\n# This output is used by Xcode 'outputs' to avoid re-running this script phase.\necho \"SUCCESS\" > \"${SCRIPT_OUTPUT_FILE_0}\"\n";
			showEnvVarsInLog = 0;
		};
		D6B2EFE02633761500747CFE /* ShellScript */ = {
			isa = PBXShellScriptBuildPhase;
			buildActionMask = 2147483647;
			files = (
			);
			inputFileListPaths = (
			);
			inputPaths = (
			);
			outputFileListPaths = (
			);
			outputPaths = (
			);
			runOnlyForDeploymentPostprocessing = 0;
			shellPath = /bin/sh;
			shellScript = "cd ${PROJECT_DIR}\nif which swiftlint >/dev/null; then\n  swiftlint\nelse\n  echo \"error: SwiftLint not installed, download from https://github.com/realm/SwiftLint\"\nfi\nif which swiftformat >/dev/null; then\n   swiftformat .\nelse\necho \"error: SwiftFormat not installed, download from https://github.com/nicklockwood/SwiftFormat\"\nfi\n";
		};
		E5399E354E372695108B262F /* [CP] Check Pods Manifest.lock */ = {
			isa = PBXShellScriptBuildPhase;
			buildActionMask = 2147483647;
			files = (
			);
			inputFileListPaths = (
			);
			inputPaths = (
				"${PODS_PODFILE_DIR_PATH}/Podfile.lock",
				"${PODS_ROOT}/Manifest.lock",
			);
			name = "[CP] Check Pods Manifest.lock";
			outputFileListPaths = (
			);
			outputPaths = (
				"$(DERIVED_FILE_DIR)/Pods-AEPCampaignUnitTests-checkManifestLockResult.txt",
			);
			runOnlyForDeploymentPostprocessing = 0;
			shellPath = /bin/sh;
			shellScript = "diff \"${PODS_PODFILE_DIR_PATH}/Podfile.lock\" \"${PODS_ROOT}/Manifest.lock\" > /dev/null\nif [ $? != 0 ] ; then\n    # print error to STDERR\n    echo \"error: The sandbox is not in sync with the Podfile.lock. Run 'pod install' or update your CocoaPods installation.\" >&2\n    exit 1\nfi\n# This output is used by Xcode 'outputs' to avoid re-running this script phase.\necho \"SUCCESS\" > \"${SCRIPT_OUTPUT_FILE_0}\"\n";
			showEnvVarsInLog = 0;
		};
/* End PBXShellScriptBuildPhase section */

/* Begin PBXSourcesBuildPhase section */
		3D10A5F1262581650049BDA1 /* Sources */ = {
			isa = PBXSourcesBuildPhase;
			buildActionMask = 2147483647;
			files = (
				3D46568B262A1DBE00BFC421 /* MessageInteractionTracker.swift in Sources */,
				D6E823DD262761130092C7DE /* CampaignHitProcessor.swift in Sources */,
				3D10A653262583C70049BDA1 /* Campaign.swift in Sources */,
				D6E9792F263B4775003F3372 /* Event+Campaign.swift in Sources */,
				D6577DFA2628F48A008F0528 /* URL+Campaign.swift in Sources */,
				3D10A65D2625847B0049BDA1 /* Campaign+PublicAPI.swift in Sources */,
				D6E823E22627617F0092C7DE /* CampaignHit.swift in Sources */,
				3D10A6582625841C0049BDA1 /* CampaignConstants.swift in Sources */,
				D6B2F02E2637786D00747CFE /* LocalNotificationMessage.swift in Sources */,
				D6577E1A262DFFA9008F0528 /* HitQueuing+Campaign.swift in Sources */,
				D6B4069326424F32002814FC /* CampaignFullscreenMessageDelegate.swift in Sources */,
				D6B2F04E26386EB100747CFE /* CampaignMessaging.swift in Sources */,
				D6B2F0292637445D00747CFE /* CampaignRuleConsequence.swift in Sources */,
				D6B4068C26420269002814FC /* CampaignFullscreenMessage.swift in Sources */,
				D6E823B9262616E90092C7DE /* CampaignState.swift in Sources */,
				D6B406BD264316A7002814FC /* MessageAssetsDownloader.swift in Sources */,
			);
			runOnlyForDeploymentPostprocessing = 0;
		};
		3D10A6202625826D0049BDA1 /* Sources */ = {
			isa = PBXSourcesBuildPhase;
			buildActionMask = 2147483647;
			files = (
				D6577DE52628DA8D008F0528 /* MockDataQueueService.swift in Sources */,
				D6B405CF263C605A002814FC /* TestMessage.swift in Sources */,
				D6577E33262F6E12008F0528 /* MockNetworking.swift in Sources */,
				D6B405C9263C6057002814FC /* MockUrlService.swift in Sources */,
				D6E8243B2628A9830092C7DE /* MockHitProcessor.swift in Sources */,
				D6B2F0162634B46200747CFE /* TestHelper.swift in Sources */,
				D6577DEE2628DAC7008F0528 /* MockDataQueuing.swift in Sources */,
				D6B2F0102634B3F000747CFE /* MockExtension.swift in Sources */,
			);
			runOnlyForDeploymentPostprocessing = 0;
		};
		3D10A636262582A60049BDA1 /* Sources */ = {
			isa = PBXSourcesBuildPhase;
			buildActionMask = 2147483647;
			files = (
				D6E97925263B34FE003F3372 /* LocalNotificationMessageTests.swift in Sources */,
				D6E824282628A6710092C7DE /* CampaignHitQueuingTests.swift in Sources */,
				D6577E34262F6E12008F0528 /* MockNetworking.swift in Sources */,
				D6577E2E262F44EC008F0528 /* CampaignHitProcessorTests.swift in Sources */,
				D6B405CA263C6057002814FC /* MockUrlService.swift in Sources */,
				D6B2F0172634B46200747CFE /* TestHelper.swift in Sources */,
				3D4656A9262F510D00BFC421 /* CampaignTests.swift in Sources */,
				3D465693262F4C9800BFC421 /* TestableExtensionRuntime.swift in Sources */,
				D6577DEF2628DAC7008F0528 /* MockDataQueuing.swift in Sources */,
				D6E8243C2628A9830092C7DE /* MockHitProcessor.swift in Sources */,
				D6B405AC263B801B002814FC /* MessageTests.swift in Sources */,
				D6577DE62628DA8D008F0528 /* MockDataQueueService.swift in Sources */,
				D6B405C3263C58F7002814FC /* TestMessage.swift in Sources */,
				D6E823BB262616F90092C7DE /* CampaignStateTests.swift in Sources */,
				D6B2F0112634B3F000747CFE /* MockExtension.swift in Sources */,
			);
			runOnlyForDeploymentPostprocessing = 0;
		};
		D6B405FD263C99EE002814FC /* Sources */ = {
			isa = PBXSourcesBuildPhase;
			buildActionMask = 2147483647;
			files = (
				D6B40604263C99EE002814FC /* AppDelegate.swift in Sources */,
				D6B40606263C99EE002814FC /* SceneDelegate.swift in Sources */,
				D6B40608263C99EE002814FC /* ContentView.swift in Sources */,
			);
			runOnlyForDeploymentPostprocessing = 0;
		};
		D6E978792639D197003F3372 /* Sources */ = {
			isa = PBXSourcesBuildPhase;
			buildActionMask = 2147483647;
			files = (
				D6E978802639D197003F3372 /* AppDelegate.swift in Sources */,
				D6E978822639D197003F3372 /* SceneDelegate.swift in Sources */,
				D6E978842639D197003F3372 /* CampaignView.swift in Sources */,
			);
			runOnlyForDeploymentPostprocessing = 0;
		};
/* End PBXSourcesBuildPhase section */

/* Begin PBXTargetDependency section */
		3D10A62B2625826D0049BDA1 /* PBXTargetDependency */ = {
			isa = PBXTargetDependency;
			target = 3D10A5F4262581650049BDA1 /* AEPCampaign */;
			targetProxy = 3D10A62A2625826D0049BDA1 /* PBXContainerItemProxy */;
		};
		3D10A641262582A60049BDA1 /* PBXTargetDependency */ = {
			isa = PBXTargetDependency;
			target = 3D10A5F4262581650049BDA1 /* AEPCampaign */;
			targetProxy = 3D10A640262582A60049BDA1 /* PBXContainerItemProxy */;
		};
		D6B405F8263C99AA002814FC /* PBXTargetDependency */ = {
			isa = PBXTargetDependency;
			target = D6E9787C2639D197003F3372 /* CampaignTester */;
			targetProxy = D6B405F7263C99AA002814FC /* PBXContainerItemProxy */;
		};
		D6B4061B263C9A2E002814FC /* PBXTargetDependency */ = {
			isa = PBXTargetDependency;
			target = D6B40600263C99EE002814FC /* UnitTestApp */;
			targetProxy = D6B4061A263C9A2E002814FC /* PBXContainerItemProxy */;
		};
		D6E978A52639D1E2003F3372 /* PBXTargetDependency */ = {
			isa = PBXTargetDependency;
			target = 3D10A5F4262581650049BDA1 /* AEPCampaign */;
			targetProxy = D6E978A42639D1E2003F3372 /* PBXContainerItemProxy */;
		};
/* End PBXTargetDependency section */

/* Begin PBXVariantGroup section */
		D6B4060E263C99EF002814FC /* LaunchScreen.storyboard */ = {
			isa = PBXVariantGroup;
			children = (
				D6B4060F263C99EF002814FC /* Base */,
			);
			name = LaunchScreen.storyboard;
			sourceTree = "<group>";
		};
		D6E9788A2639D199003F3372 /* LaunchScreen.storyboard */ = {
			isa = PBXVariantGroup;
			children = (
				D6E9788B2639D199003F3372 /* Base */,
			);
			name = LaunchScreen.storyboard;
			sourceTree = "<group>";
		};
/* End PBXVariantGroup section */

/* Begin XCBuildConfiguration section */
		3D10A607262581650049BDA1 /* Debug */ = {
			isa = XCBuildConfiguration;
			buildSettings = {
				ALWAYS_SEARCH_USER_PATHS = NO;
				CLANG_ANALYZER_NONNULL = YES;
				CLANG_ANALYZER_NUMBER_OBJECT_CONVERSION = YES_AGGRESSIVE;
				CLANG_CXX_LANGUAGE_STANDARD = "gnu++14";
				CLANG_CXX_LIBRARY = "libc++";
				CLANG_ENABLE_MODULES = YES;
				CLANG_ENABLE_OBJC_ARC = YES;
				CLANG_ENABLE_OBJC_WEAK = YES;
				CLANG_WARN_BLOCK_CAPTURE_AUTORELEASING = YES;
				CLANG_WARN_BOOL_CONVERSION = YES;
				CLANG_WARN_COMMA = YES;
				CLANG_WARN_CONSTANT_CONVERSION = YES;
				CLANG_WARN_DEPRECATED_OBJC_IMPLEMENTATIONS = YES;
				CLANG_WARN_DIRECT_OBJC_ISA_USAGE = YES_ERROR;
				CLANG_WARN_DOCUMENTATION_COMMENTS = YES;
				CLANG_WARN_EMPTY_BODY = YES;
				CLANG_WARN_ENUM_CONVERSION = YES;
				CLANG_WARN_INFINITE_RECURSION = YES;
				CLANG_WARN_INT_CONVERSION = YES;
				CLANG_WARN_NON_LITERAL_NULL_CONVERSION = YES;
				CLANG_WARN_OBJC_IMPLICIT_RETAIN_SELF = YES;
				CLANG_WARN_OBJC_LITERAL_CONVERSION = YES;
				CLANG_WARN_OBJC_ROOT_CLASS = YES_ERROR;
				CLANG_WARN_QUOTED_INCLUDE_IN_FRAMEWORK_HEADER = YES;
				CLANG_WARN_RANGE_LOOP_ANALYSIS = YES;
				CLANG_WARN_STRICT_PROTOTYPES = YES;
				CLANG_WARN_SUSPICIOUS_MOVE = YES;
				CLANG_WARN_UNGUARDED_AVAILABILITY = YES_AGGRESSIVE;
				CLANG_WARN_UNREACHABLE_CODE = YES;
				CLANG_WARN__DUPLICATE_METHOD_MATCH = YES;
				COPY_PHASE_STRIP = NO;
				CURRENT_PROJECT_VERSION = 1;
				DEBUG_INFORMATION_FORMAT = dwarf;
				ENABLE_STRICT_OBJC_MSGSEND = YES;
				ENABLE_TESTABILITY = YES;
				GCC_C_LANGUAGE_STANDARD = gnu11;
				GCC_DYNAMIC_NO_PIC = NO;
				GCC_NO_COMMON_BLOCKS = YES;
				GCC_OPTIMIZATION_LEVEL = 0;
				GCC_PREPROCESSOR_DEFINITIONS = (
					"DEBUG=1",
					"$(inherited)",
				);
				GCC_WARN_64_TO_32_BIT_CONVERSION = YES;
				GCC_WARN_ABOUT_RETURN_TYPE = YES_ERROR;
				GCC_WARN_UNDECLARED_SELECTOR = YES;
				GCC_WARN_UNINITIALIZED_AUTOS = YES_AGGRESSIVE;
				GCC_WARN_UNUSED_FUNCTION = YES;
				GCC_WARN_UNUSED_VARIABLE = YES;
				IPHONEOS_DEPLOYMENT_TARGET = 10.0;
				MTL_ENABLE_DEBUG_INFO = INCLUDE_SOURCE;
				MTL_FAST_MATH = YES;
				ONLY_ACTIVE_ARCH = YES;
				SDKROOT = iphoneos;
				SWIFT_ACTIVE_COMPILATION_CONDITIONS = DEBUG;
				SWIFT_OPTIMIZATION_LEVEL = "-Onone";
				VERSIONING_SYSTEM = "apple-generic";
				VERSION_INFO_PREFIX = "";
			};
			name = Debug;
		};
		3D10A608262581650049BDA1 /* Release */ = {
			isa = XCBuildConfiguration;
			buildSettings = {
				ALWAYS_SEARCH_USER_PATHS = NO;
				CLANG_ANALYZER_NONNULL = YES;
				CLANG_ANALYZER_NUMBER_OBJECT_CONVERSION = YES_AGGRESSIVE;
				CLANG_CXX_LANGUAGE_STANDARD = "gnu++14";
				CLANG_CXX_LIBRARY = "libc++";
				CLANG_ENABLE_MODULES = YES;
				CLANG_ENABLE_OBJC_ARC = YES;
				CLANG_ENABLE_OBJC_WEAK = YES;
				CLANG_WARN_BLOCK_CAPTURE_AUTORELEASING = YES;
				CLANG_WARN_BOOL_CONVERSION = YES;
				CLANG_WARN_COMMA = YES;
				CLANG_WARN_CONSTANT_CONVERSION = YES;
				CLANG_WARN_DEPRECATED_OBJC_IMPLEMENTATIONS = YES;
				CLANG_WARN_DIRECT_OBJC_ISA_USAGE = YES_ERROR;
				CLANG_WARN_DOCUMENTATION_COMMENTS = YES;
				CLANG_WARN_EMPTY_BODY = YES;
				CLANG_WARN_ENUM_CONVERSION = YES;
				CLANG_WARN_INFINITE_RECURSION = YES;
				CLANG_WARN_INT_CONVERSION = YES;
				CLANG_WARN_NON_LITERAL_NULL_CONVERSION = YES;
				CLANG_WARN_OBJC_IMPLICIT_RETAIN_SELF = YES;
				CLANG_WARN_OBJC_LITERAL_CONVERSION = YES;
				CLANG_WARN_OBJC_ROOT_CLASS = YES_ERROR;
				CLANG_WARN_QUOTED_INCLUDE_IN_FRAMEWORK_HEADER = YES;
				CLANG_WARN_RANGE_LOOP_ANALYSIS = YES;
				CLANG_WARN_STRICT_PROTOTYPES = YES;
				CLANG_WARN_SUSPICIOUS_MOVE = YES;
				CLANG_WARN_UNGUARDED_AVAILABILITY = YES_AGGRESSIVE;
				CLANG_WARN_UNREACHABLE_CODE = YES;
				CLANG_WARN__DUPLICATE_METHOD_MATCH = YES;
				COPY_PHASE_STRIP = NO;
				CURRENT_PROJECT_VERSION = 1;
				DEBUG_INFORMATION_FORMAT = "dwarf-with-dsym";
				ENABLE_NS_ASSERTIONS = NO;
				ENABLE_STRICT_OBJC_MSGSEND = YES;
				GCC_C_LANGUAGE_STANDARD = gnu11;
				GCC_NO_COMMON_BLOCKS = YES;
				GCC_WARN_64_TO_32_BIT_CONVERSION = YES;
				GCC_WARN_ABOUT_RETURN_TYPE = YES_ERROR;
				GCC_WARN_UNDECLARED_SELECTOR = YES;
				GCC_WARN_UNINITIALIZED_AUTOS = YES_AGGRESSIVE;
				GCC_WARN_UNUSED_FUNCTION = YES;
				GCC_WARN_UNUSED_VARIABLE = YES;
				IPHONEOS_DEPLOYMENT_TARGET = 10.0;
				MTL_ENABLE_DEBUG_INFO = NO;
				MTL_FAST_MATH = YES;
				SDKROOT = iphoneos;
				SWIFT_COMPILATION_MODE = wholemodule;
				SWIFT_OPTIMIZATION_LEVEL = "-O";
				VALIDATE_PRODUCT = YES;
				VERSIONING_SYSTEM = "apple-generic";
				VERSION_INFO_PREFIX = "";
			};
			name = Release;
		};
		3D10A60A262581650049BDA1 /* Debug */ = {
			isa = XCBuildConfiguration;
			baseConfigurationReference = 150C854BF5853ED961FE86F8 /* Pods-AEPCampaign.debug.xcconfig */;
			buildSettings = {
				CLANG_ENABLE_MODULES = YES;
				CODE_SIGN_STYLE = Automatic;
				DEFINES_MODULE = YES;
				DEVELOPMENT_TEAM = FKGEE875K4;
				DYLIB_COMPATIBILITY_VERSION = 1;
				DYLIB_CURRENT_VERSION = 1;
				DYLIB_INSTALL_NAME_BASE = "@rpath";
				INFOPLIST_FILE = AEPCampaign/Sources/Info.plist;
				INSTALL_PATH = "$(LOCAL_LIBRARY_DIR)/Frameworks";
				IPHONEOS_DEPLOYMENT_TARGET = 10.0;
				LD_RUNPATH_SEARCH_PATHS = (
					"$(inherited)",
					"@executable_path/Frameworks",
					"@loader_path/Frameworks",
				);
				PRODUCT_BUNDLE_IDENTIFIER = com.adobe.mobile.AEPCampaign;
				PRODUCT_NAME = "$(TARGET_NAME:c99extidentifier)";
				SKIP_INSTALL = YES;
				SUPPORTS_MACCATALYST = NO;
				SWIFT_OPTIMIZATION_LEVEL = "-Onone";
				SWIFT_VERSION = 5.0;
				TARGETED_DEVICE_FAMILY = "1,2";
			};
			name = Debug;
		};
		3D10A60B262581650049BDA1 /* Release */ = {
			isa = XCBuildConfiguration;
			baseConfigurationReference = A3A99FAF3EF2C88ACE12F2DC /* Pods-AEPCampaign.release.xcconfig */;
			buildSettings = {
				CLANG_ENABLE_MODULES = YES;
				CODE_SIGN_STYLE = Automatic;
				DEFINES_MODULE = YES;
				DEVELOPMENT_TEAM = FKGEE875K4;
				DYLIB_COMPATIBILITY_VERSION = 1;
				DYLIB_CURRENT_VERSION = 1;
				DYLIB_INSTALL_NAME_BASE = "@rpath";
				INFOPLIST_FILE = AEPCampaign/Sources/Info.plist;
				INSTALL_PATH = "$(LOCAL_LIBRARY_DIR)/Frameworks";
				IPHONEOS_DEPLOYMENT_TARGET = 10.0;
				LD_RUNPATH_SEARCH_PATHS = (
					"$(inherited)",
					"@executable_path/Frameworks",
					"@loader_path/Frameworks",
				);
				PRODUCT_BUNDLE_IDENTIFIER = com.adobe.mobile.AEPCampaign;
				PRODUCT_NAME = "$(TARGET_NAME:c99extidentifier)";
				SKIP_INSTALL = YES;
				SUPPORTS_MACCATALYST = NO;
				SWIFT_VERSION = 5.0;
				TARGETED_DEVICE_FAMILY = "1,2";
			};
			name = Release;
		};
		3D10A62D2625826D0049BDA1 /* Debug */ = {
			isa = XCBuildConfiguration;
			baseConfigurationReference = C1FA72034961068F23ECE0E5 /* Pods-AEPCampaignFunctionalTests.debug.xcconfig */;
			buildSettings = {
				ALWAYS_EMBED_SWIFT_STANDARD_LIBRARIES = YES;
				CODE_SIGN_STYLE = Automatic;
				DEVELOPMENT_TEAM = FKGEE875K4;
				INFOPLIST_FILE = "$(SRCROOT)/AEPCampaign/Tests/Info.plist";
				LD_RUNPATH_SEARCH_PATHS = (
					"$(inherited)",
					"@executable_path/Frameworks",
					"@loader_path/Frameworks",
				);
				PRODUCT_BUNDLE_IDENTIFIER = com.adobe.mobile.AEPCampaignFunctionalTests;
				PRODUCT_NAME = "$(TARGET_NAME)";
				SWIFT_VERSION = 5.0;
				TARGETED_DEVICE_FAMILY = "1,2";
			};
			name = Debug;
		};
		3D10A62E2625826D0049BDA1 /* Release */ = {
			isa = XCBuildConfiguration;
			baseConfigurationReference = 8155209467545C587AE3CC12 /* Pods-AEPCampaignFunctionalTests.release.xcconfig */;
			buildSettings = {
				ALWAYS_EMBED_SWIFT_STANDARD_LIBRARIES = YES;
				CODE_SIGN_STYLE = Automatic;
				DEVELOPMENT_TEAM = FKGEE875K4;
				INFOPLIST_FILE = "$(SRCROOT)/AEPCampaign/Tests/Info.plist";
				LD_RUNPATH_SEARCH_PATHS = (
					"$(inherited)",
					"@executable_path/Frameworks",
					"@loader_path/Frameworks",
				);
				PRODUCT_BUNDLE_IDENTIFIER = com.adobe.mobile.AEPCampaignFunctionalTests;
				PRODUCT_NAME = "$(TARGET_NAME)";
				SWIFT_VERSION = 5.0;
				TARGETED_DEVICE_FAMILY = "1,2";
			};
			name = Release;
		};
		3D10A643262582A60049BDA1 /* Debug */ = {
			isa = XCBuildConfiguration;
			baseConfigurationReference = 0658E66756CCA4CD9BC43EEA /* Pods-AEPCampaignUnitTests.debug.xcconfig */;
			buildSettings = {
				ALWAYS_EMBED_SWIFT_STANDARD_LIBRARIES = YES;
				CODE_SIGN_STYLE = Automatic;
				DEVELOPMENT_TEAM = FKGEE875K4;
				INFOPLIST_FILE = "$(SRCROOT)/AEPCampaign/Tests/Info.plist";
				LD_RUNPATH_SEARCH_PATHS = (
					"$(inherited)",
					"@executable_path/Frameworks",
					"@loader_path/Frameworks",
				);
				PRODUCT_BUNDLE_IDENTIFIER = com.adobe.mobile.AEPCampaignUnitTests;
				PRODUCT_NAME = "$(TARGET_NAME)";
				SWIFT_VERSION = 5.0;
				TARGETED_DEVICE_FAMILY = "1,2";
				TEST_HOST = "$(BUILT_PRODUCTS_DIR)/UnitTestApp.app/UnitTestApp";
			};
			name = Debug;
		};
		3D10A644262582A60049BDA1 /* Release */ = {
			isa = XCBuildConfiguration;
			baseConfigurationReference = FCB64B12141CA636FC40E888 /* Pods-AEPCampaignUnitTests.release.xcconfig */;
			buildSettings = {
				ALWAYS_EMBED_SWIFT_STANDARD_LIBRARIES = YES;
				CODE_SIGN_STYLE = Automatic;
				DEVELOPMENT_TEAM = FKGEE875K4;
				INFOPLIST_FILE = "$(SRCROOT)/AEPCampaign/Tests/Info.plist";
				LD_RUNPATH_SEARCH_PATHS = (
					"$(inherited)",
					"@executable_path/Frameworks",
					"@loader_path/Frameworks",
				);
				PRODUCT_BUNDLE_IDENTIFIER = com.adobe.mobile.AEPCampaignUnitTests;
				PRODUCT_NAME = "$(TARGET_NAME)";
				SWIFT_VERSION = 5.0;
				TARGETED_DEVICE_FAMILY = "1,2";
				TEST_HOST = "$(BUILT_PRODUCTS_DIR)/UnitTestApp.app/UnitTestApp";
			};
			name = Release;
		};
		D6B40613263C99F0002814FC /* Debug */ = {
			isa = XCBuildConfiguration;
			buildSettings = {
				ASSETCATALOG_COMPILER_APPICON_NAME = AppIcon;
				ASSETCATALOG_COMPILER_GLOBAL_ACCENT_COLOR_NAME = AccentColor;
				CODE_SIGN_STYLE = Automatic;
				DEVELOPMENT_ASSET_PATHS = "\"UnitTestApp/Preview Content\"";
				ENABLE_PREVIEWS = YES;
				INFOPLIST_FILE = UnitTestApp/Info.plist;
				IPHONEOS_DEPLOYMENT_TARGET = 13.0;
				LD_RUNPATH_SEARCH_PATHS = (
					"$(inherited)",
					"@executable_path/Frameworks",
				);
				PRODUCT_BUNDLE_IDENTIFIER = com.adobe.mobile.UnitTestApp;
				PRODUCT_NAME = "$(TARGET_NAME)";
				SWIFT_VERSION = 5.0;
				TARGETED_DEVICE_FAMILY = "1,2";
			};
			name = Debug;
		};
		D6B40614263C99F0002814FC /* Release */ = {
			isa = XCBuildConfiguration;
			buildSettings = {
				ASSETCATALOG_COMPILER_APPICON_NAME = AppIcon;
				ASSETCATALOG_COMPILER_GLOBAL_ACCENT_COLOR_NAME = AccentColor;
				CODE_SIGN_STYLE = Automatic;
				DEVELOPMENT_ASSET_PATHS = "\"UnitTestApp/Preview Content\"";
				ENABLE_PREVIEWS = YES;
				INFOPLIST_FILE = UnitTestApp/Info.plist;
				IPHONEOS_DEPLOYMENT_TARGET = 13.0;
				LD_RUNPATH_SEARCH_PATHS = (
					"$(inherited)",
					"@executable_path/Frameworks",
				);
				PRODUCT_BUNDLE_IDENTIFIER = com.adobe.mobile.UnitTestApp;
				PRODUCT_NAME = "$(TARGET_NAME)";
				SWIFT_VERSION = 5.0;
				TARGETED_DEVICE_FAMILY = "1,2";
			};
			name = Release;
		};
		D6E9788E2639D199003F3372 /* Debug */ = {
			isa = XCBuildConfiguration;
			baseConfigurationReference = 6FFFA97883A90DADCE3A92BE /* Pods-CampaignTester.debug.xcconfig */;
			buildSettings = {
				ASSETCATALOG_COMPILER_APPICON_NAME = AppIcon;
				ASSETCATALOG_COMPILER_GLOBAL_ACCENT_COLOR_NAME = AccentColor;
				CODE_SIGN_ENTITLEMENTS = CampaignTester/CampaignTester.entitlements;
				CODE_SIGN_STYLE = Automatic;
				DEVELOPMENT_ASSET_PATHS = "\"CampaignTester/Preview Content\"";
				DEVELOPMENT_TEAM = FKGEE875K4;
				ENABLE_PREVIEWS = YES;
				INFOPLIST_FILE = CampaignTester/Info.plist;
				IPHONEOS_DEPLOYMENT_TARGET = 13.0;
				LD_RUNPATH_SEARCH_PATHS = (
					"$(inherited)",
					"@executable_path/Frameworks",
				);
				PRODUCT_BUNDLE_IDENTIFIER = com.adobe.mobile.CampaignTester;
				PRODUCT_NAME = "$(TARGET_NAME)";
				SWIFT_VERSION = 5.0;
				TARGETED_DEVICE_FAMILY = "1,2";
			};
			name = Debug;
		};
		D6E9788F2639D199003F3372 /* Release */ = {
			isa = XCBuildConfiguration;
			baseConfigurationReference = 15428E88B323601D278C41FE /* Pods-CampaignTester.release.xcconfig */;
			buildSettings = {
				ASSETCATALOG_COMPILER_APPICON_NAME = AppIcon;
				ASSETCATALOG_COMPILER_GLOBAL_ACCENT_COLOR_NAME = AccentColor;
				CODE_SIGN_ENTITLEMENTS = CampaignTester/CampaignTester.entitlements;
				CODE_SIGN_STYLE = Automatic;
				DEVELOPMENT_ASSET_PATHS = "\"CampaignTester/Preview Content\"";
				DEVELOPMENT_TEAM = FKGEE875K4;
				ENABLE_PREVIEWS = YES;
				INFOPLIST_FILE = CampaignTester/Info.plist;
				IPHONEOS_DEPLOYMENT_TARGET = 13.0;
				LD_RUNPATH_SEARCH_PATHS = (
					"$(inherited)",
					"@executable_path/Frameworks",
				);
				PRODUCT_BUNDLE_IDENTIFIER = com.adobe.mobile.CampaignTester;
				PRODUCT_NAME = "$(TARGET_NAME)";
				SWIFT_VERSION = 5.0;
				TARGETED_DEVICE_FAMILY = "1,2";
			};
			name = Release;
		};
/* End XCBuildConfiguration section */

/* Begin XCConfigurationList section */
		3D10A5EF262581650049BDA1 /* Build configuration list for PBXProject "AEPCampaign" */ = {
			isa = XCConfigurationList;
			buildConfigurations = (
				3D10A607262581650049BDA1 /* Debug */,
				3D10A608262581650049BDA1 /* Release */,
			);
			defaultConfigurationIsVisible = 0;
			defaultConfigurationName = Release;
		};
		3D10A609262581650049BDA1 /* Build configuration list for PBXNativeTarget "AEPCampaign" */ = {
			isa = XCConfigurationList;
			buildConfigurations = (
				3D10A60A262581650049BDA1 /* Debug */,
				3D10A60B262581650049BDA1 /* Release */,
			);
			defaultConfigurationIsVisible = 0;
			defaultConfigurationName = Release;
		};
		3D10A62C2625826D0049BDA1 /* Build configuration list for PBXNativeTarget "AEPCampaignFunctionalTests" */ = {
			isa = XCConfigurationList;
			buildConfigurations = (
				3D10A62D2625826D0049BDA1 /* Debug */,
				3D10A62E2625826D0049BDA1 /* Release */,
			);
			defaultConfigurationIsVisible = 0;
			defaultConfigurationName = Release;
		};
		3D10A642262582A60049BDA1 /* Build configuration list for PBXNativeTarget "AEPCampaignUnitTests" */ = {
			isa = XCConfigurationList;
			buildConfigurations = (
				3D10A643262582A60049BDA1 /* Debug */,
				3D10A644262582A60049BDA1 /* Release */,
			);
			defaultConfigurationIsVisible = 0;
			defaultConfigurationName = Release;
		};
		D6B40612263C99F0002814FC /* Build configuration list for PBXNativeTarget "UnitTestApp" */ = {
			isa = XCConfigurationList;
			buildConfigurations = (
				D6B40613263C99F0002814FC /* Debug */,
				D6B40614263C99F0002814FC /* Release */,
			);
			defaultConfigurationIsVisible = 0;
			defaultConfigurationName = Release;
		};
		D6E978902639D199003F3372 /* Build configuration list for PBXNativeTarget "CampaignTester" */ = {
			isa = XCConfigurationList;
			buildConfigurations = (
				D6E9788E2639D199003F3372 /* Debug */,
				D6E9788F2639D199003F3372 /* Release */,
			);
			defaultConfigurationIsVisible = 0;
			defaultConfigurationName = Release;
		};
/* End XCConfigurationList section */
	};
	rootObject = 3D10A5EC262581650049BDA1 /* Project object */;
}
